// !$*UTF8*$!
{
	archiveVersion = 1;
	classes = {
	};
	objectVersion = 46;
	objects = {

/* Begin PBXBuildFile section */
		3D8151461A84566F006B856B /* main.m in Sources */ = {isa = PBXBuildFile; fileRef = 3D8151451A84566F006B856B /* main.m */; };
		3D8151491A84566F006B856B /* AppDelegate.m in Sources */ = {isa = PBXBuildFile; fileRef = 3D8151481A84566F006B856B /* AppDelegate.m */; };
		3D81514C1A84566F006B856B /* ViewController.mm in Sources */ = {isa = PBXBuildFile; fileRef = 3D81514B1A84566F006B856B /* ViewController.mm */; };
		3D81514F1A84566F006B856B /* Main.storyboard in Resources */ = {isa = PBXBuildFile; fileRef = 3D81514D1A84566F006B856B /* Main.storyboard */; };
		3D8151511A84566F006B856B /* Images.xcassets in Resources */ = {isa = PBXBuildFile; fileRef = 3D8151501A84566F006B856B /* Images.xcassets */; };
		3D8151541A84566F006B856B /* LaunchScreen.xib in Resources */ = {isa = PBXBuildFile; fileRef = 3D8151521A84566F006B856B /* LaunchScreen.xib */; };
		3D8151601A845670006B856B /* BaiduMapDemoTests.m in Sources */ = {isa = PBXBuildFile; fileRef = 3D81515F1A845670006B856B /* BaiduMapDemoTests.m */; };
		3D8151821A845744006B856B /* add@2x.png in Resources */ = {isa = PBXBuildFile; fileRef = 3D81516E1A845744006B856B /* add@2x.png */; };
		3D8151831A845744006B856B /* local@2x.png in Resources */ = {isa = PBXBuildFile; fileRef = 3D81516F1A845744006B856B /* local@2x.png */; };
		3D8151841A845744006B856B /* local@3x.png in Resources */ = {isa = PBXBuildFile; fileRef = 3D8151701A845744006B856B /* local@3x.png */; };
		3D8151851A845744006B856B /* max@2x.png in Resources */ = {isa = PBXBuildFile; fileRef = 3D8151711A845744006B856B /* max@2x.png */; };
		3D8151861A845744006B856B /* medium@2x.png in Resources */ = {isa = PBXBuildFile; fileRef = 3D8151721A845744006B856B /* medium@2x.png */; };
		3D8151871A845744006B856B /* min@2x.png in Resources */ = {isa = PBXBuildFile; fileRef = 3D8151731A845744006B856B /* min@2x.png */; };
		3D8151891A845744006B856B /* sub@2x.png in Resources */ = {isa = PBXBuildFile; fileRef = 3D8151751A845744006B856B /* sub@2x.png */; };
		3D8151D01A845774006B856B /* Default-568h@2x.png in Resources */ = {isa = PBXBuildFile; fileRef = 3D8151CF1A845774006B856B /* Default-568h@2x.png */; };
		3D8151D21A845793006B856B /* CoreLocation.framework in Frameworks */ = {isa = PBXBuildFile; fileRef = 3D8151D11A845793006B856B /* CoreLocation.framework */; };
		3D8151D41A84579A006B856B /* QuartzCore.framework in Frameworks */ = {isa = PBXBuildFile; fileRef = 3D8151D31A84579A006B856B /* QuartzCore.framework */; };
		3D8151D61A8457A2006B856B /* OpenGLES.framework in Frameworks */ = {isa = PBXBuildFile; fileRef = 3D8151D51A8457A2006B856B /* OpenGLES.framework */; };
		3D8151D81A8457AA006B856B /* SystemConfiguration.framework in Frameworks */ = {isa = PBXBuildFile; fileRef = 3D8151D71A8457AA006B856B /* SystemConfiguration.framework */; };
		3D8151DA1A8457B3006B856B /* CoreGraphics.framework in Frameworks */ = {isa = PBXBuildFile; fileRef = 3D8151D91A8457B3006B856B /* CoreGraphics.framework */; };
		3D8151DC1A8457BB006B856B /* Security.framework in Frameworks */ = {isa = PBXBuildFile; fileRef = 3D8151DB1A8457BB006B856B /* Security.framework */; };
		3D8151E11A8459D7006B856B /* MainTableViewController.m in Sources */ = {isa = PBXBuildFile; fileRef = 3D8151E01A8459D7006B856B /* MainTableViewController.m */; };
		3D8151E41A845B4F006B856B /* BasicMapViewController.m in Sources */ = {isa = PBXBuildFile; fileRef = 3D8151E31A845B4F006B856B /* BasicMapViewController.m */; };
		3D8151E81A845B7F006B856B /* KHPaoPaoView.m in Sources */ = {isa = PBXBuildFile; fileRef = 3D8151E71A845B7F006B856B /* KHPaoPaoView.m */; };
		3D8151EB1A845BA1006B856B /* KHPointAnnotation.m in Sources */ = {isa = PBXBuildFile; fileRef = 3D8151EA1A845BA1006B856B /* KHPointAnnotation.m */; };
		3D8151EE1A84681A006B856B /* add@3x.png in Resources */ = {isa = PBXBuildFile; fileRef = 3D8151EC1A84681A006B856B /* add@3x.png */; };
		3D8151EF1A84681A006B856B /* sub@3x.png in Resources */ = {isa = PBXBuildFile; fileRef = 3D8151ED1A84681A006B856B /* sub@3x.png */; };
		62F1E1281BC8FE5000B59466 /* BaiduMapAPI.framework in Frameworks */ = {isa = PBXBuildFile; fileRef = 62F1E1271BC8FE5000B59466 /* BaiduMapAPI.framework */; settings = {ASSET_TAGS = (); }; };
		62F1E12A1BC8FE9F00B59466 /* mapapi.bundle in Resources */ = {isa = PBXBuildFile; fileRef = 62F1E1291BC8FE9F00B59466 /* mapapi.bundle */; };
/* End PBXBuildFile section */

/* Begin PBXContainerItemProxy section */
		3D81515A1A845670006B856B /* PBXContainerItemProxy */ = {
			isa = PBXContainerItemProxy;
			containerPortal = 3D8151381A84566F006B856B /* Project object */;
			proxyType = 1;
			remoteGlobalIDString = 3D81513F1A84566F006B856B;
			remoteInfo = BaiduMapDemo;
		};
/* End PBXContainerItemProxy section */

/* Begin PBXFileReference section */
		3D8151401A84566F006B856B /* BaiduMapDemo.app */ = {isa = PBXFileReference; explicitFileType = wrapper.application; includeInIndex = 0; path = BaiduMapDemo.app; sourceTree = BUILT_PRODUCTS_DIR; };
		3D8151441A84566F006B856B /* Info.plist */ = {isa = PBXFileReference; lastKnownFileType = text.plist.xml; path = Info.plist; sourceTree = "<group>"; };
		3D8151451A84566F006B856B /* main.m */ = {isa = PBXFileReference; lastKnownFileType = sourcecode.c.objc; path = main.m; sourceTree = "<group>"; };
		3D8151471A84566F006B856B /* AppDelegate.h */ = {isa = PBXFileReference; lastKnownFileType = sourcecode.c.h; path = AppDelegate.h; sourceTree = "<group>"; };
		3D8151481A84566F006B856B /* AppDelegate.m */ = {isa = PBXFileReference; lastKnownFileType = sourcecode.c.objc; path = AppDelegate.m; sourceTree = "<group>"; };
		3D81514A1A84566F006B856B /* ViewController.h */ = {isa = PBXFileReference; lastKnownFileType = sourcecode.c.h; path = ViewController.h; sourceTree = "<group>"; };
		3D81514B1A84566F006B856B /* ViewController.mm */ = {isa = PBXFileReference; lastKnownFileType = sourcecode.cpp.objcpp; path = ViewController.mm; sourceTree = "<group>"; };
		3D81514E1A84566F006B856B /* Base */ = {isa = PBXFileReference; lastKnownFileType = file.storyboard; name = Base; path = Base.lproj/Main.storyboard; sourceTree = "<group>"; };
		3D8151501A84566F006B856B /* Images.xcassets */ = {isa = PBXFileReference; lastKnownFileType = folder.assetcatalog; path = Images.xcassets; sourceTree = "<group>"; };
		3D8151531A84566F006B856B /* Base */ = {isa = PBXFileReference; lastKnownFileType = file.xib; name = Base; path = Base.lproj/LaunchScreen.xib; sourceTree = "<group>"; };
		3D8151591A845670006B856B /* BaiduMapDemoTests.xctest */ = {isa = PBXFileReference; explicitFileType = wrapper.cfbundle; includeInIndex = 0; path = BaiduMapDemoTests.xctest; sourceTree = BUILT_PRODUCTS_DIR; };
		3D81515E1A845670006B856B /* Info.plist */ = {isa = PBXFileReference; lastKnownFileType = text.plist.xml; path = Info.plist; sourceTree = "<group>"; };
		3D81515F1A845670006B856B /* BaiduMapDemoTests.m */ = {isa = PBXFileReference; lastKnownFileType = sourcecode.c.objc; path = BaiduMapDemoTests.m; sourceTree = "<group>"; };
		3D81516E1A845744006B856B /* add@2x.png */ = {isa = PBXFileReference; lastKnownFileType = image.png; path = "add@2x.png"; sourceTree = "<group>"; };
		3D81516F1A845744006B856B /* local@2x.png */ = {isa = PBXFileReference; lastKnownFileType = image.png; path = "local@2x.png"; sourceTree = "<group>"; };
		3D8151701A845744006B856B /* local@3x.png */ = {isa = PBXFileReference; lastKnownFileType = image.png; path = "local@3x.png"; sourceTree = "<group>"; };
		3D8151711A845744006B856B /* max@2x.png */ = {isa = PBXFileReference; lastKnownFileType = image.png; path = "max@2x.png"; sourceTree = "<group>"; };
		3D8151721A845744006B856B /* medium@2x.png */ = {isa = PBXFileReference; lastKnownFileType = image.png; path = "medium@2x.png"; sourceTree = "<group>"; };
		3D8151731A845744006B856B /* min@2x.png */ = {isa = PBXFileReference; lastKnownFileType = image.png; path = "min@2x.png"; sourceTree = "<group>"; };
		3D8151751A845744006B856B /* sub@2x.png */ = {isa = PBXFileReference; lastKnownFileType = image.png; path = "sub@2x.png"; sourceTree = "<group>"; };
		3D8151CF1A845774006B856B /* Default-568h@2x.png */ = {isa = PBXFileReference; lastKnownFileType = image.png; name = "Default-568h@2x.png"; path = "../../Default-568h@2x.png"; sourceTree = "<group>"; };
		3D8151D11A845793006B856B /* CoreLocation.framework */ = {isa = PBXFileReference; lastKnownFileType = wrapper.framework; name = CoreLocation.framework; path = System/Library/Frameworks/CoreLocation.framework; sourceTree = SDKROOT; };
		3D8151D31A84579A006B856B /* QuartzCore.framework */ = {isa = PBXFileReference; lastKnownFileType = wrapper.framework; name = QuartzCore.framework; path = System/Library/Frameworks/QuartzCore.framework; sourceTree = SDKROOT; };
		3D8151D51A8457A2006B856B /* OpenGLES.framework */ = {isa = PBXFileReference; lastKnownFileType = wrapper.framework; name = OpenGLES.framework; path = System/Library/Frameworks/OpenGLES.framework; sourceTree = SDKROOT; };
		3D8151D71A8457AA006B856B /* SystemConfiguration.framework */ = {isa = PBXFileReference; lastKnownFileType = wrapper.framework; name = SystemConfiguration.framework; path = System/Library/Frameworks/SystemConfiguration.framework; sourceTree = SDKROOT; };
		3D8151D91A8457B3006B856B /* CoreGraphics.framework */ = {isa = PBXFileReference; lastKnownFileType = wrapper.framework; name = CoreGraphics.framework; path = System/Library/Frameworks/CoreGraphics.framework; sourceTree = SDKROOT; };
		3D8151DB1A8457BB006B856B /* Security.framework */ = {isa = PBXFileReference; lastKnownFileType = wrapper.framework; name = Security.framework; path = System/Library/Frameworks/Security.framework; sourceTree = SDKROOT; };
		3D8151DD1A845881006B856B /* BaiduMapDemo-Prefix.pch */ = {isa = PBXFileReference; lastKnownFileType = sourcecode.c.h; path = "BaiduMapDemo-Prefix.pch"; sourceTree = "<group>"; };
		3D8151DE1A84590B006B856B /* Config.h */ = {isa = PBXFileReference; lastKnownFileType = sourcecode.c.h; path = Config.h; sourceTree = "<group>"; };
		3D8151DF1A8459D7006B856B /* MainTableViewController.h */ = {isa = PBXFileReference; fileEncoding = 4; lastKnownFileType = sourcecode.c.h; path = MainTableViewController.h; sourceTree = "<group>"; };
		3D8151E01A8459D7006B856B /* MainTableViewController.m */ = {isa = PBXFileReference; fileEncoding = 4; lastKnownFileType = sourcecode.c.objc; path = MainTableViewController.m; sourceTree = "<group>"; };
		3D8151E21A845B4F006B856B /* BasicMapViewController.h */ = {isa = PBXFileReference; fileEncoding = 4; lastKnownFileType = sourcecode.c.h; path = BasicMapViewController.h; sourceTree = "<group>"; };
		3D8151E31A845B4F006B856B /* BasicMapViewController.m */ = {isa = PBXFileReference; fileEncoding = 4; lastKnownFileType = sourcecode.c.objc; path = BasicMapViewController.m; sourceTree = "<group>"; };
		3D8151E61A845B7F006B856B /* KHPaoPaoView.h */ = {isa = PBXFileReference; fileEncoding = 4; lastKnownFileType = sourcecode.c.h; path = KHPaoPaoView.h; sourceTree = "<group>"; };
		3D8151E71A845B7F006B856B /* KHPaoPaoView.m */ = {isa = PBXFileReference; fileEncoding = 4; lastKnownFileType = sourcecode.c.objc; path = KHPaoPaoView.m; sourceTree = "<group>"; };
		3D8151E91A845BA1006B856B /* KHPointAnnotation.h */ = {isa = PBXFileReference; fileEncoding = 4; lastKnownFileType = sourcecode.c.h; path = KHPointAnnotation.h; sourceTree = "<group>"; };
		3D8151EA1A845BA1006B856B /* KHPointAnnotation.m */ = {isa = PBXFileReference; fileEncoding = 4; lastKnownFileType = sourcecode.c.objc; path = KHPointAnnotation.m; sourceTree = "<group>"; };
		3D8151EC1A84681A006B856B /* add@3x.png */ = {isa = PBXFileReference; lastKnownFileType = image.png; path = "add@3x.png"; sourceTree = "<group>"; };
		3D8151ED1A84681A006B856B /* sub@3x.png */ = {isa = PBXFileReference; lastKnownFileType = image.png; path = "sub@3x.png"; sourceTree = "<group>"; };
		62F1E1271BC8FE5000B59466 /* BaiduMapAPI.framework */ = {isa = PBXFileReference; lastKnownFileType = wrapper.framework; name = BaiduMapAPI.framework; path = Resource/Lib/BaiduMapAPI.framework; sourceTree = "<group>"; };
		62F1E1291BC8FE9F00B59466 /* mapapi.bundle */ = {isa = PBXFileReference; lastKnownFileType = "wrapper.plug-in"; name = mapapi.bundle; path = ../Lib/BaiduMapAPI.framework/Resources/mapapi.bundle; sourceTree = "<group>"; };
/* End PBXFileReference section */

/* Begin PBXFrameworksBuildPhase section */
		3D81513D1A84566F006B856B /* Frameworks */ = {
			isa = PBXFrameworksBuildPhase;
			buildActionMask = 2147483647;
			files = (
				3D8151DC1A8457BB006B856B /* Security.framework in Frameworks */,
				3D8151DA1A8457B3006B856B /* CoreGraphics.framework in Frameworks */,
				3D8151D81A8457AA006B856B /* SystemConfiguration.framework in Frameworks */,
				3D8151D61A8457A2006B856B /* OpenGLES.framework in Frameworks */,
				3D8151D41A84579A006B856B /* QuartzCore.framework in Frameworks */,
				3D8151D21A845793006B856B /* CoreLocation.framework in Frameworks */,
				62F1E1281BC8FE5000B59466 /* BaiduMapAPI.framework in Frameworks */,
			);
			runOnlyForDeploymentPostprocessing = 0;
		};
		3D8151561A845670006B856B /* Frameworks */ = {
			isa = PBXFrameworksBuildPhase;
			buildActionMask = 2147483647;
			files = (
			);
			runOnlyForDeploymentPostprocessing = 0;
		};
/* End PBXFrameworksBuildPhase section */

/* Begin PBXGroup section */
		3D8151371A84566F006B856B = {
			isa = PBXGroup;
			children = (
				3D81516A1A845744006B856B /* Resource */,
				3D8151421A84566F006B856B /* BaiduMapDemo */,
				3D81515C1A845670006B856B /* BaiduMapDemoTests */,
				3D8151691A845688006B856B /* Frameworks */,
				3D8151411A84566F006B856B /* Products */,
			);
			sourceTree = "<group>";
		};
		3D8151411A84566F006B856B /* Products */ = {
			isa = PBXGroup;
			children = (
				3D8151401A84566F006B856B /* BaiduMapDemo.app */,
				3D8151591A845670006B856B /* BaiduMapDemoTests.xctest */,
			);
			name = Products;
			sourceTree = "<group>";
		};
		3D8151421A84566F006B856B /* BaiduMapDemo */ = {
			isa = PBXGroup;
			children = (
				3D8151471A84566F006B856B /* AppDelegate.h */,
				3D8151481A84566F006B856B /* AppDelegate.m */,
				3D8151DF1A8459D7006B856B /* MainTableViewController.h */,
				3D8151E01A8459D7006B856B /* MainTableViewController.m */,
				3D81514A1A84566F006B856B /* ViewController.h */,
				3D81514B1A84566F006B856B /* ViewController.mm */,
				3D81514D1A84566F006B856B /* Main.storyboard */,
				3D8151501A84566F006B856B /* Images.xcassets */,
				3D8151521A84566F006B856B /* LaunchScreen.xib */,
				3D8151431A84566F006B856B /* Supporting Files */,
			);
			path = BaiduMapDemo;
			sourceTree = "<group>";
		};
		3D8151431A84566F006B856B /* Supporting Files */ = {
			isa = PBXGroup;
			children = (
				3D8151441A84566F006B856B /* Info.plist */,
				3D8151451A84566F006B856B /* main.m */,
				3D8151DD1A845881006B856B /* BaiduMapDemo-Prefix.pch */,
			);
			name = "Supporting Files";
			sourceTree = "<group>";
		};
		3D81515C1A845670006B856B /* BaiduMapDemoTests */ = {
			isa = PBXGroup;
			children = (
				3D81515F1A845670006B856B /* BaiduMapDemoTests.m */,
				3D81515D1A845670006B856B /* Supporting Files */,
			);
			path = BaiduMapDemoTests;
			sourceTree = "<group>";
		};
		3D81515D1A845670006B856B /* Supporting Files */ = {
			isa = PBXGroup;
			children = (
				3D81515E1A845670006B856B /* Info.plist */,
			);
			name = "Supporting Files";
			sourceTree = "<group>";
		};
		3D8151691A845688006B856B /* Frameworks */ = {
			isa = PBXGroup;
			children = (
				62F1E1271BC8FE5000B59466 /* BaiduMapAPI.framework */,
				3D8151DB1A8457BB006B856B /* Security.framework */,
				3D8151D91A8457B3006B856B /* CoreGraphics.framework */,
				3D8151D71A8457AA006B856B /* SystemConfiguration.framework */,
				3D8151D51A8457A2006B856B /* OpenGLES.framework */,
				3D8151D31A84579A006B856B /* QuartzCore.framework */,
				3D8151D11A845793006B856B /* CoreLocation.framework */,
			);
			name = Frameworks;
			sourceTree = "<group>";
		};
		3D81516A1A845744006B856B /* Resource */ = {
			isa = PBXGroup;
			children = (
				3D81516B1A845744006B856B /* Config */,
				3D81516C1A845744006B856B /* image */,
				3D8151771A845744006B856B /* View */,
			);
			path = Resource;
			sourceTree = "<group>";
		};
		3D81516B1A845744006B856B /* Config */ = {
			isa = PBXGroup;
			children = (
				3D8151DE1A84590B006B856B /* Config.h */,
			);
			path = Config;
			sourceTree = "<group>";
		};
		3D81516C1A845744006B856B /* image */ = {
			isa = PBXGroup;
			children = (
				62F1E1291BC8FE9F00B59466 /* mapapi.bundle */,
				3D8151EC1A84681A006B856B /* add@3x.png */,
				3D8151ED1A84681A006B856B /* sub@3x.png */,
				3D8151CF1A845774006B856B /* Default-568h@2x.png */,
				3D81516E1A845744006B856B /* add@2x.png */,
				3D81516F1A845744006B856B /* local@2x.png */,
				3D8151701A845744006B856B /* local@3x.png */,
				3D8151711A845744006B856B /* max@2x.png */,
				3D8151721A845744006B856B /* medium@2x.png */,
				3D8151731A845744006B856B /* min@2x.png */,
				3D8151751A845744006B856B /* sub@2x.png */,
			);
			path = image;
			sourceTree = "<group>";
		};
		3D8151771A845744006B856B /* View */ = {
			isa = PBXGroup;
			children = (
				3D8151781A845744006B856B /* 1 */,
				3D8151791A845744006B856B /* 2 */,
				3D81517A1A845744006B856B /* 3 */,
				3D81517B1A845744006B856B /* 4 */,
				3D81517C1A845744006B856B /* 5 */,
				3D81517D1A845744006B856B /* 6 */,
				3D81517E1A845744006B856B /* 7 */,
				3D81517F1A845744006B856B /* 8 */,
				3D8151801A845744006B856B /* 9 */,
			);
			path = View;
			sourceTree = "<group>";
		};
		3D8151781A845744006B856B /* 1 */ = {
			isa = PBXGroup;
			children = (
				3D8151E51A845B6D006B856B /* Paopao */,
				3D8151E21A845B4F006B856B /* BasicMapViewController.h */,
				3D8151E31A845B4F006B856B /* BasicMapViewController.m */,
			);
			path = 1;
			sourceTree = "<group>";
		};
		3D8151791A845744006B856B /* 2 */ = {
			isa = PBXGroup;
			children = (
			);
			path = 2;
			sourceTree = "<group>";
		};
		3D81517A1A845744006B856B /* 3 */ = {
			isa = PBXGroup;
			children = (
			);
			path = 3;
			sourceTree = "<group>";
		};
		3D81517B1A845744006B856B /* 4 */ = {
			isa = PBXGroup;
			children = (
			);
			path = 4;
			sourceTree = "<group>";
		};
		3D81517C1A845744006B856B /* 5 */ = {
			isa = PBXGroup;
			children = (
			);
			path = 5;
			sourceTree = "<group>";
		};
		3D81517D1A845744006B856B /* 6 */ = {
			isa = PBXGroup;
			children = (
			);
			path = 6;
			sourceTree = "<group>";
		};
		3D81517E1A845744006B856B /* 7 */ = {
			isa = PBXGroup;
			children = (
			);
			path = 7;
			sourceTree = "<group>";
		};
		3D81517F1A845744006B856B /* 8 */ = {
			isa = PBXGroup;
			children = (
			);
			path = 8;
			sourceTree = "<group>";
		};
		3D8151801A845744006B856B /* 9 */ = {
			isa = PBXGroup;
			children = (
			);
			path = 9;
			sourceTree = "<group>";
		};
		3D8151E51A845B6D006B856B /* Paopao */ = {
			isa = PBXGroup;
			children = (
				3D8151E61A845B7F006B856B /* KHPaoPaoView.h */,
				3D8151E71A845B7F006B856B /* KHPaoPaoView.m */,
				3D8151E91A845BA1006B856B /* KHPointAnnotation.h */,
				3D8151EA1A845BA1006B856B /* KHPointAnnotation.m */,
			);
			path = Paopao;
			sourceTree = "<group>";
		};
/* End PBXGroup section */

/* Begin PBXNativeTarget section */
		3D81513F1A84566F006B856B /* BaiduMapDemo */ = {
			isa = PBXNativeTarget;
			buildConfigurationList = 3D8151631A845670006B856B /* Build configuration list for PBXNativeTarget "BaiduMapDemo" */;
			buildPhases = (
				3D81513C1A84566F006B856B /* Sources */,
				3D81513D1A84566F006B856B /* Frameworks */,
				3D81513E1A84566F006B856B /* Resources */,
			);
			buildRules = (
			);
			dependencies = (
			);
			name = BaiduMapDemo;
			productName = BaiduMapDemo;
			productReference = 3D8151401A84566F006B856B /* BaiduMapDemo.app */;
			productType = "com.apple.product-type.application";
		};
		3D8151581A845670006B856B /* BaiduMapDemoTests */ = {
			isa = PBXNativeTarget;
			buildConfigurationList = 3D8151661A845670006B856B /* Build configuration list for PBXNativeTarget "BaiduMapDemoTests" */;
			buildPhases = (
				3D8151551A845670006B856B /* Sources */,
				3D8151561A845670006B856B /* Frameworks */,
				3D8151571A845670006B856B /* Resources */,
			);
			buildRules = (
			);
			dependencies = (
				3D81515B1A845670006B856B /* PBXTargetDependency */,
			);
			name = BaiduMapDemoTests;
			productName = BaiduMapDemoTests;
			productReference = 3D8151591A845670006B856B /* BaiduMapDemoTests.xctest */;
			productType = "com.apple.product-type.bundle.unit-test";
		};
/* End PBXNativeTarget section */

/* Begin PBXProject section */
		3D8151381A84566F006B856B /* Project object */ = {
			isa = PBXProject;
			attributes = {
				LastUpgradeCheck = 0700;
				ORGANIZATIONNAME = OliverTheFerry;
				TargetAttributes = {
					3D81513F1A84566F006B856B = {
						CreatedOnToolsVersion = 6.1;
					};
					3D8151581A845670006B856B = {
						CreatedOnToolsVersion = 6.1;
						TestTargetID = 3D81513F1A84566F006B856B;
					};
				};
			};
			buildConfigurationList = 3D81513B1A84566F006B856B /* Build configuration list for PBXProject "BaiduMapDemo" */;
			compatibilityVersion = "Xcode 3.2";
			developmentRegion = English;
			hasScannedForEncodings = 0;
			knownRegions = (
				en,
				Base,
			);
			mainGroup = 3D8151371A84566F006B856B;
			productRefGroup = 3D8151411A84566F006B856B /* Products */;
			projectDirPath = "";
			projectRoot = "";
			targets = (
				3D81513F1A84566F006B856B /* BaiduMapDemo */,
				3D8151581A845670006B856B /* BaiduMapDemoTests */,
			);
		};
/* End PBXProject section */

/* Begin PBXResourcesBuildPhase section */
		3D81513E1A84566F006B856B /* Resources */ = {
			isa = PBXResourcesBuildPhase;
			buildActionMask = 2147483647;
			files = (
				62F1E12A1BC8FE9F00B59466 /* mapapi.bundle in Resources */,
				3D81514F1A84566F006B856B /* Main.storyboard in Resources */,
				3D8151EE1A84681A006B856B /* add@3x.png in Resources */,
				3D8151891A845744006B856B /* sub@2x.png in Resources */,
				3D8151821A845744006B856B /* add@2x.png in Resources */,
				3D8151841A845744006B856B /* local@3x.png in Resources */,
				3D8151861A845744006B856B /* medium@2x.png in Resources */,
				3D8151EF1A84681A006B856B /* sub@3x.png in Resources */,
				3D8151541A84566F006B856B /* LaunchScreen.xib in Resources */,
				3D8151D01A845774006B856B /* Default-568h@2x.png in Resources */,
				3D8151871A845744006B856B /* min@2x.png in Resources */,
				3D8151511A84566F006B856B /* Images.xcassets in Resources */,
				3D8151851A845744006B856B /* max@2x.png in Resources */,
				3D8151831A845744006B856B /* local@2x.png in Resources */,
			);
			runOnlyForDeploymentPostprocessing = 0;
		};
		3D8151571A845670006B856B /* Resources */ = {
			isa = PBXResourcesBuildPhase;
			buildActionMask = 2147483647;
			files = (
			);
			runOnlyForDeploymentPostprocessing = 0;
		};
/* End PBXResourcesBuildPhase section */

/* Begin PBXSourcesBuildPhase section */
		3D81513C1A84566F006B856B /* Sources */ = {
			isa = PBXSourcesBuildPhase;
			buildActionMask = 2147483647;
			files = (
				3D8151E11A8459D7006B856B /* MainTableViewController.m in Sources */,
				3D8151E81A845B7F006B856B /* KHPaoPaoView.m in Sources */,
				3D81514C1A84566F006B856B /* ViewController.mm in Sources */,
				3D8151491A84566F006B856B /* AppDelegate.m in Sources */,
				3D8151E41A845B4F006B856B /* BasicMapViewController.m in Sources */,
				3D8151461A84566F006B856B /* main.m in Sources */,
				3D8151EB1A845BA1006B856B /* KHPointAnnotation.m in Sources */,
			);
			runOnlyForDeploymentPostprocessing = 0;
		};
		3D8151551A845670006B856B /* Sources */ = {
			isa = PBXSourcesBuildPhase;
			buildActionMask = 2147483647;
			files = (
				3D8151601A845670006B856B /* BaiduMapDemoTests.m in Sources */,
			);
			runOnlyForDeploymentPostprocessing = 0;
		};
/* End PBXSourcesBuildPhase section */

/* Begin PBXTargetDependency section */
		3D81515B1A845670006B856B /* PBXTargetDependency */ = {
			isa = PBXTargetDependency;
			target = 3D81513F1A84566F006B856B /* BaiduMapDemo */;
			targetProxy = 3D81515A1A845670006B856B /* PBXContainerItemProxy */;
		};
/* End PBXTargetDependency section */

/* Begin PBXVariantGroup section */
		3D81514D1A84566F006B856B /* Main.storyboard */ = {
			isa = PBXVariantGroup;
			children = (
				3D81514E1A84566F006B856B /* Base */,
			);
			name = Main.storyboard;
			sourceTree = "<group>";
		};
		3D8151521A84566F006B856B /* LaunchScreen.xib */ = {
			isa = PBXVariantGroup;
			children = (
				3D8151531A84566F006B856B /* Base */,
			);
			name = LaunchScreen.xib;
			sourceTree = "<group>";
		};
/* End PBXVariantGroup section */

/* Begin XCBuildConfiguration section */
		3D8151611A845670006B856B /* Debug */ = {
			isa = XCBuildConfiguration;
			buildSettings = {
				ALWAYS_SEARCH_USER_PATHS = NO;
				CLANG_CXX_LANGUAGE_STANDARD = "gnu++0x";
				CLANG_CXX_LIBRARY = "libc++";
				CLANG_ENABLE_MODULES = YES;
				CLANG_ENABLE_OBJC_ARC = YES;
				CLANG_WARN_BOOL_CONVERSION = YES;
				CLANG_WARN_CONSTANT_CONVERSION = YES;
				CLANG_WARN_DIRECT_OBJC_ISA_USAGE = YES_ERROR;
				CLANG_WARN_EMPTY_BODY = YES;
				CLANG_WARN_ENUM_CONVERSION = YES;
				CLANG_WARN_INT_CONVERSION = YES;
				CLANG_WARN_OBJC_ROOT_CLASS = YES_ERROR;
				CLANG_WARN_UNREACHABLE_CODE = YES;
				CLANG_WARN__DUPLICATE_METHOD_MATCH = YES;
				"CODE_SIGN_IDENTITY[sdk=iphoneos*]" = "iPhone Developer";
				COPY_PHASE_STRIP = NO;
				ENABLE_STRICT_OBJC_MSGSEND = YES;
				ENABLE_TESTABILITY = YES;
				GCC_C_LANGUAGE_STANDARD = gnu99;
				GCC_DYNAMIC_NO_PIC = NO;
				GCC_OPTIMIZATION_LEVEL = 0;
				GCC_PREPROCESSOR_DEFINITIONS = (
					"DEBUG=1",
					"$(inherited)",
				);
				GCC_SYMBOLS_PRIVATE_EXTERN = NO;
				GCC_WARN_64_TO_32_BIT_CONVERSION = YES;
				GCC_WARN_ABOUT_RETURN_TYPE = YES_ERROR;
				GCC_WARN_UNDECLARED_SELECTOR = YES;
				GCC_WARN_UNINITIALIZED_AUTOS = YES_AGGRESSIVE;
				GCC_WARN_UNUSED_FUNCTION = YES;
				GCC_WARN_UNUSED_VARIABLE = YES;
				IPHONEOS_DEPLOYMENT_TARGET = 8.1;
				MTL_ENABLE_DEBUG_INFO = YES;
				ONLY_ACTIVE_ARCH = YES;
				SDKROOT = iphoneos;
			};
			name = Debug;
		};
		3D8151621A845670006B856B /* Release */ = {
			isa = XCBuildConfiguration;
			buildSettings = {
				ALWAYS_SEARCH_USER_PATHS = NO;
				CLANG_CXX_LANGUAGE_STANDARD = "gnu++0x";
				CLANG_CXX_LIBRARY = "libc++";
				CLANG_ENABLE_MODULES = YES;
				CLANG_ENABLE_OBJC_ARC = YES;
				CLANG_WARN_BOOL_CONVERSION = YES;
				CLANG_WARN_CONSTANT_CONVERSION = YES;
				CLANG_WARN_DIRECT_OBJC_ISA_USAGE = YES_ERROR;
				CLANG_WARN_EMPTY_BODY = YES;
				CLANG_WARN_ENUM_CONVERSION = YES;
				CLANG_WARN_INT_CONVERSION = YES;
				CLANG_WARN_OBJC_ROOT_CLASS = YES_ERROR;
				CLANG_WARN_UNREACHABLE_CODE = YES;
				CLANG_WARN__DUPLICATE_METHOD_MATCH = YES;
				"CODE_SIGN_IDENTITY[sdk=iphoneos*]" = "iPhone Developer";
				COPY_PHASE_STRIP = YES;
				ENABLE_NS_ASSERTIONS = NO;
				ENABLE_STRICT_OBJC_MSGSEND = YES;
				GCC_C_LANGUAGE_STANDARD = gnu99;
				GCC_WARN_64_TO_32_BIT_CONVERSION = YES;
				GCC_WARN_ABOUT_RETURN_TYPE = YES_ERROR;
				GCC_WARN_UNDECLARED_SELECTOR = YES;
				GCC_WARN_UNINITIALIZED_AUTOS = YES_AGGRESSIVE;
				GCC_WARN_UNUSED_FUNCTION = YES;
				GCC_WARN_UNUSED_VARIABLE = YES;
				IPHONEOS_DEPLOYMENT_TARGET = 8.1;
				MTL_ENABLE_DEBUG_INFO = NO;
				SDKROOT = iphoneos;
				VALIDATE_PRODUCT = YES;
			};
			name = Release;
		};
		3D8151641A845670006B856B /* Debug */ = {
			isa = XCBuildConfiguration;
			buildSettings = {
				ASSETCATALOG_COMPILER_APPICON_NAME = AppIcon;
				ENABLE_BITCODE = NO;
				FRAMEWORK_SEARCH_PATHS = (
					"$(inherited)",
					"$(PROJECT_DIR)/Resource/Lib",
				);
				GCC_PREFIX_HEADER = "BaiduMapDemo/BaiduMapDemo-Prefix.pch";
				INFOPLIST_FILE = BaiduMapDemo/Info.plist;
				IPHONEOS_DEPLOYMENT_TARGET = 6.0;
				LD_RUNPATH_SEARCH_PATHS = "$(inherited) @executable_path/Frameworks";
				LIBRARY_SEARCH_PATHS = (
					"$(inherited)",
					"$(PROJECT_DIR)/Resource/Lib/BaiduMapSDK",
				);
				OTHER_LDFLAGS = "-ObjC";
				PRODUCT_BUNDLE_IDENTIFIER = "com.example.$(PRODUCT_NAME:rfc1034identifier)";
				PRODUCT_NAME = "$(TARGET_NAME)";
			};
			name = Debug;
		};
		3D8151651A845670006B856B /* Release */ = {
			isa = XCBuildConfiguration;
			buildSettings = {
				ASSETCATALOG_COMPILER_APPICON_NAME = AppIcon;
				FRAMEWORK_SEARCH_PATHS = (
					"$(inherited)",
					"$(PROJECT_DIR)/Resource/Lib",
				);
				GCC_PREFIX_HEADER = "BaiduMapDemo/BaiduMapDemo-Prefix.pch";
				INFOPLIST_FILE = BaiduMapDemo/Info.plist;
				IPHONEOS_DEPLOYMENT_TARGET = 6.0;
				LD_RUNPATH_SEARCH_PATHS = "$(inherited) @executable_path/Frameworks";
				LIBRARY_SEARCH_PATHS = (
					"$(inherited)",
					"$(PROJECT_DIR)/Resource/Lib/BaiduMapSDK",
				);
				OTHER_LDFLAGS = "-ObjC";
				PRODUCT_BUNDLE_IDENTIFIER = "com.example.$(PRODUCT_NAME:rfc1034identifier)";
				PRODUCT_NAME = "$(TARGET_NAME)";
			};
			name = Release;
		};
		3D8151671A845670006B856B /* Debug */ = {
			isa = XCBuildConfiguration;
			buildSettings = {
				BUNDLE_LOADER = "$(TEST_HOST)";
				FRAMEWORK_SEARCH_PATHS = (
					"$(SDKROOT)/Developer/Library/Frameworks",
					"$(inherited)",
				);
				GCC_PREPROCESSOR_DEFINITIONS = (
					"DEBUG=1",
					"$(inherited)",
				);
				INFOPLIST_FILE = BaiduMapDemoTests/Info.plist;
				LD_RUNPATH_SEARCH_PATHS = "$(inherited) @executable_path/Frameworks @loader_path/Frameworks";
				PRODUCT_BUNDLE_IDENTIFIER = "com.example.$(PRODUCT_NAME:rfc1034identifier)";
				PRODUCT_NAME = "$(TARGET_NAME)";
				TEST_HOST = "$(BUILT_PRODUCTS_DIR)/BaiduMapDemo.app/BaiduMapDemo";
			};
			name = Debug;
		};
		3D8151681A845670006B856B /* Release */ = {
			isa = XCBuildConfiguration;
			buildSettings = {
				BUNDLE_LOADER = "$(TEST_HOST)";
				FRAMEWORK_SEARCH_PATHS = (
					"$(SDKROOT)/Developer/Library/Frameworks",
					"$(inherited)",
				);
				INFOPLIST_FILE = BaiduMapDemoTests/Info.plist;
				LD_RUNPATH_SEARCH_PATHS = "$(inherited) @executable_path/Frameworks @loader_path/Frameworks";
				PRODUCT_BUNDLE_IDENTIFIER = "com.example.$(PRODUCT_NAME:rfc1034identifier)";
				PRODUCT_NAME = "$(TARGET_NAME)";
				TEST_HOST = "$(BUILT_PRODUCTS_DIR)/BaiduMapDemo.app/BaiduMapDemo";
			};
			name = Release;
		};
/* End XCBuildConfiguration section */

/* Begin XCConfigurationList section */
		3D81513B1A84566F006B856B /* Build configuration list for PBXProject "BaiduMapDemo" */ = {
			isa = XCConfigurationList;
			buildConfigurations = (
				3D8151611A845670006B856B /* Debug */,
				3D8151621A845670006B856B /* Release */,
			);
			defaultConfigurationIsVisible = 0;
			defaultConfigurationName = Release;
		};
		3D8151631A845670006B856B /* Build configuration list for PBXNativeTarget "BaiduMapDemo" */ = {
			isa = XCConfigurationList;
			buildConfigurations = (
				3D8151641A845670006B856B /* Debug */,
				3D8151651A845670006B856B /* Release */,
			);
			defaultConfigurationIsVisible = 0;
			defaultConfigurationName = Release;
		};
		3D8151661A845670006B856B /* Build configuration list for PBXNativeTarget "BaiduMapDemoTests" */ = {
			isa = XCConfigurationList;
			buildConfigurations = (
				3D8151671A845670006B856B /* Debug */,
				3D8151681A845670006B856B /* Release */,
			);
			defaultConfigurationIsVisible = 0;
			defaultConfigurationName = Release;
		};
/* End XCConfigurationList section */
	};
	rootObject = 3D8151381A84566F006B856B /* Project object */;
}
