// !$*UTF8*$!
{
	archiveVersion = 1;
	classes = {
	};
	objectVersion = 46;
	objects = {

/* Begin PBXBuildFile section */
		3D8151461A84566F006B856B /* main.m in Sources */ = {isa = PBXBuildFile; fileRef = 3D8151451A84566F006B856B /* main.m */; };
		3D8151491A84566F006B856B /* AppDelegate.m in Sources */ = {isa = PBXBuildFile; fileRef = 3D8151481A84566F006B856B /* AppDelegate.m */; };
		3D81514C1A84566F006B856B /* ViewController.mm in Sources */ = {isa = PBXBuildFile; fileRef = 3D81514B1A84566F006B856B /* ViewController.mm */; };
		3D81514F1A84566F006B856B /* Main.storyboard in Resources */ = {isa = PBXBuildFile; fileRef = 3D81514D1A84566F006B856B /* Main.storyboard */; };
		3D8151511A84566F006B856B /* Images.xcassets in Resources */ = {isa = PBXBuildFile; fileRef = 3D8151501A84566F006B856B /* Images.xcassets */; };
		3D8151541A84566F006B856B /* LaunchScreen.xib in Resources */ = {isa = PBXBuildFile; fileRef = 3D8151521A84566F006B856B /* LaunchScreen.xib */; };
		3D8151601A845670006B856B /* BaiduMapDemoTests.m in Sources */ = {isa = PBXBuildFile; fileRef = 3D81515F1A845670006B856B /* BaiduMapDemoTests.m */; };
		3D8151821A845744006B856B /* add@2x.png in Resources */ = {isa = PBXBuildFile; fileRef = 3D81516E1A845744006B856B /* add@2x.png */; };
		3D8151831A845744006B856B /* local@2x.png in Resources */ = {isa = PBXBuildFile; fileRef = 3D81516F1A845744006B856B /* local@2x.png */; };
		3D8151841A845744006B856B /* local@3x.png in Resources */ = {isa = PBXBuildFile; fileRef = 3D8151701A845744006B856B /* local@3x.png */; };
		3D8151851A845744006B856B /* max@2x.png in Resources */ = {isa = PBXBuildFile; fileRef = 3D8151711A845744006B856B /* max@2x.png */; };
		3D8151861A845744006B856B /* medium@2x.png in Resources */ = {isa = PBXBuildFile; fileRef = 3D8151721A845744006B856B /* medium@2x.png */; };
		3D8151871A845744006B856B /* min@2x.png in Resources */ = {isa = PBXBuildFile; fileRef = 3D8151731A845744006B856B /* min@2x.png */; };
		3D8151891A845744006B856B /* sub@2x.png in Resources */ = {isa = PBXBuildFile; fileRef = 3D8151751A845744006B856B /* sub@2x.png */; };
		3D8151D01A845774006B856B /* Default-568h@2x.png in Resources */ = {isa = PBXBuildFile; fileRef = 3D8151CF1A845774006B856B /* Default-568h@2x.png */; };
		3D8151D21A845793006B856B /* CoreLocation.framework in Frameworks */ = {isa = PBXBuildFile; fileRef = 3D8151D11A845793006B856B /* CoreLocation.framework */; };
		3D8151D41A84579A006B856B /* QuartzCore.framework in Frameworks */ = {isa = PBXBuildFile; fileRef = 3D8151D31A84579A006B856B /* QuartzCore.framework */; };
		3D8151D61A8457A2006B856B /* OpenGLES.framework in Frameworks */ = {isa = PBXBuildFile; fileRef = 3D8151D51A8457A2006B856B /* OpenGLES.framework */; };
		3D8151D81A8457AA006B856B /* SystemConfiguration.framework in Frameworks */ = {isa = PBXBuildFile; fileRef = 3D8151D71A8457AA006B856B /* SystemConfiguration.framework */; };
		3D8151DA1A8457B3006B856B /* CoreGraphics.framework in Frameworks */ = {isa = PBXBuildFile; fileRef = 3D8151D91A8457B3006B856B /* CoreGraphics.framework */; };
		3D8151DC1A8457BB006B856B /* Security.framework in Frameworks */ = {isa = PBXBuildFile; fileRef = 3D8151DB1A8457BB006B856B /* Security.framework */; };
		3D8151E11A8459D7006B856B /* MainTableViewController.m in Sources */ = {isa = PBXBuildFile; fileRef = 3D8151E01A8459D7006B856B /* MainTableViewController.m */; };
		3D8151E41A845B4F006B856B /* BasicMapViewController.m in Sources */ = {isa = PBXBuildFile; fileRef = 3D8151E31A845B4F006B856B /* BasicMapViewController.m */; };
		3D8151E81A845B7F006B856B /* KHPaoPaoView.m in Sources */ = {isa = PBXBuildFile; fileRef = 3D8151E71A845B7F006B856B /* KHPaoPaoView.m */; };
		3D8151EB1A845BA1006B856B /* KHPointAnnotation.m in Sources */ = {isa = PBXBuildFile; fileRef = 3D8151EA1A845BA1006B856B /* KHPointAnnotation.m */; };
		3D8151EE1A84681A006B856B /* add@3x.png in Resources */ = {isa = PBXBuildFile; fileRef = 3D8151EC1A84681A006B856B /* add@3x.png */; };
		3D8151EF1A84681A006B856B /* sub@3x.png in Resources */ = {isa = PBXBuildFile; fileRef = 3D8151ED1A84681A006B856B /* sub@3x.png */; };
		620878101BCE3DB60018C62D /* test.png in Resources */ = {isa = PBXBuildFile; fileRef = 6208780F1BCE3DB60018C62D /* test.png */; settings = {ASSET_TAGS = (); }; };
		620878131BCE41710018C62D /* CustomOverlayViewController.mm in Sources */ = {isa = PBXBuildFile; fileRef = 620878121BCE41710018C62D /* CustomOverlayViewController.mm */; settings = {ASSET_TAGS = (); }; };
		620878161BCE43280018C62D /* KHCustomOverlay.mm in Sources */ = {isa = PBXBuildFile; fileRef = 620878151BCE43280018C62D /* KHCustomOverlay.mm */; settings = {ASSET_TAGS = (); }; };
		6208781A1BCE45630018C62D /* KHCustomOverlayView.m in Sources */ = {isa = PBXBuildFile; fileRef = 620878191BCE45630018C62D /* KHCustomOverlayView.m */; settings = {ASSET_TAGS = (); }; };
		6208781E1BCE48200018C62D /* PoiSearchViewController.m in Sources */ = {isa = PBXBuildFile; fileRef = 6208781C1BCE48200018C62D /* PoiSearchViewController.m */; settings = {ASSET_TAGS = (); }; };
		6208781F1BCE48200018C62D /* PoiSearchViewController.xib in Resources */ = {isa = PBXBuildFile; fileRef = 6208781D1BCE48200018C62D /* PoiSearchViewController.xib */; settings = {ASSET_TAGS = (); }; };
		62107AF71BCF57540007E22F /* GeocodeViewController.m in Sources */ = {isa = PBXBuildFile; fileRef = 62107AF51BCF57540007E22F /* GeocodeViewController.m */; settings = {ASSET_TAGS = (); }; };
		62107AF81BCF57540007E22F /* GeocodeViewController.xib in Resources */ = {isa = PBXBuildFile; fileRef = 62107AF61BCF57540007E22F /* GeocodeViewController.xib */; settings = {ASSET_TAGS = (); }; };
		62107B001BCF76420007E22F /* RouteSearchViewController.mm in Sources */ = {isa = PBXBuildFile; fileRef = 62107AFE1BCF76420007E22F /* RouteSearchViewController.mm */; settings = {ASSET_TAGS = (); }; };
		62107B011BCF76420007E22F /* RouteSearchViewController.xib in Resources */ = {isa = PBXBuildFile; fileRef = 62107AFF1BCF76420007E22F /* RouteSearchViewController.xib */; settings = {ASSET_TAGS = (); }; };
		6256B92F1BCB9B400085331A /* DualmapViewController.m in Sources */ = {isa = PBXBuildFile; fileRef = 6256B92E1BCB9B400085331A /* DualmapViewController.m */; settings = {ASSET_TAGS = (); }; };
		6256B9321BCBA2020085331A /* MapDemoViewController.m in Sources */ = {isa = PBXBuildFile; fileRef = 6256B9311BCBA2020085331A /* MapDemoViewController.m */; settings = {ASSET_TAGS = (); }; };
		6256B9351BCBAB2C0085331A /* MapControlViewController.m in Sources */ = {isa = PBXBuildFile; fileRef = 6256B9341BCBAB2C0085331A /* MapControlViewController.m */; settings = {ASSET_TAGS = (); }; };
		626572171BCF888600E548CE /* WayPointRouteSearchDemoViewController.mm in Sources */ = {isa = PBXBuildFile; fileRef = 626572151BCF888600E548CE /* WayPointRouteSearchDemoViewController.mm */; settings = {ASSET_TAGS = (); }; };
		626572181BCF888600E548CE /* WayPointRouteSearchDemoViewController.xib in Resources */ = {isa = PBXBuildFile; fileRef = 626572161BCF888600E548CE /* WayPointRouteSearchDemoViewController.xib */; settings = {ASSET_TAGS = (); }; };
		6265721E1BCF8AF500E548CE /* UIImage+Rotate.m in Sources */ = {isa = PBXBuildFile; fileRef = 6265721D1BCF8AF500E548CE /* UIImage+Rotate.m */; settings = {ASSET_TAGS = (); }; };
		626572231BCF8B6600E548CE /* BusLineSearchViewController.mm in Sources */ = {isa = PBXBuildFile; fileRef = 626572211BCF8B6600E548CE /* BusLineSearchViewController.mm */; settings = {ASSET_TAGS = (); }; };
		626572241BCF8B6600E548CE /* BusLineSearchViewController.xib in Resources */ = {isa = PBXBuildFile; fileRef = 626572221BCF8B6600E548CE /* BusLineSearchViewController.xib */; settings = {ASSET_TAGS = (); }; };
		6265722B1BCF8CC100E548CE /* OfflineDemoMapViewController.m in Sources */ = {isa = PBXBuildFile; fileRef = 626572271BCF8CC100E548CE /* OfflineDemoMapViewController.m */; settings = {ASSET_TAGS = (); }; };
		6265722C1BCF8CC100E548CE /* OfflineDemoViewController.m in Sources */ = {isa = PBXBuildFile; fileRef = 626572291BCF8CC100E548CE /* OfflineDemoViewController.m */; settings = {ASSET_TAGS = (); }; };
		6265722D1BCF8CC100E548CE /* OfflineDemoViewController.xib in Resources */ = {isa = PBXBuildFile; fileRef = 6265722A1BCF8CC100E548CE /* OfflineDemoViewController.xib */; settings = {ASSET_TAGS = (); }; };
		62744C951BD0B479002BCD09 /* HeatMapDemo.mm in Sources */ = {isa = PBXBuildFile; fileRef = 62744C931BD0B479002BCD09 /* HeatMapDemo.mm */; settings = {ASSET_TAGS = (); }; };
		62744C961BD0B479002BCD09 /* HeatMapDemo.xib in Resources */ = {isa = PBXBuildFile; fileRef = 62744C941BD0B479002BCD09 /* HeatMapDemo.xib */; settings = {ASSET_TAGS = (); }; };
		62744C981BD0B5D1002BCD09 /* locations.json in Resources */ = {isa = PBXBuildFile; fileRef = 62744C971BD0B5D1002BCD09 /* locations.json */; settings = {ASSET_TAGS = (); }; };
		62744C9D1BD0B65C002BCD09 /* ShortUrlShareDemoViewController.mm in Sources */ = {isa = PBXBuildFile; fileRef = 62744C9B1BD0B65C002BCD09 /* ShortUrlShareDemoViewController.mm */; settings = {ASSET_TAGS = (); }; };
		62744C9E1BD0B65C002BCD09 /* ShortUrlShareDemoViewController.xib in Resources */ = {isa = PBXBuildFile; fileRef = 62744C9C1BD0B65C002BCD09 /* ShortUrlShareDemoViewController.xib */; settings = {ASSET_TAGS = (); }; };
		62744CA01BD0B75A002BCD09 /* MessageUI.framework in Frameworks */ = {isa = PBXBuildFile; fileRef = 62744C9F1BD0B75A002BCD09 /* MessageUI.framework */; };
		62744CA51BD0B7DE002BCD09 /* CloudSearchDemoViewController.mm in Sources */ = {isa = PBXBuildFile; fileRef = 62744CA31BD0B7DE002BCD09 /* CloudSearchDemoViewController.mm */; settings = {ASSET_TAGS = (); }; };
		62744CA61BD0B7DE002BCD09 /* CloudSearchDemoViewController.xib in Resources */ = {isa = PBXBuildFile; fileRef = 62744CA41BD0B7DE002BCD09 /* CloudSearchDemoViewController.xib */; settings = {ASSET_TAGS = (); }; };
		62744CAF1BD0B89C002BCD09 /* OpenBaiduMapDemo.m in Sources */ = {isa = PBXBuildFile; fileRef = 62744CA91BD0B89C002BCD09 /* OpenBaiduMapDemo.m */; settings = {ASSET_TAGS = (); }; };
		62744CB01BD0B89C002BCD09 /* OpenBaiduMapDemo.xib in Resources */ = {isa = PBXBuildFile; fileRef = 62744CAA1BD0B89C002BCD09 /* OpenBaiduMapDemo.xib */; settings = {ASSET_TAGS = (); }; };
		62744CB11BD0B89C002BCD09 /* OpenGLDemoViewController.mm in Sources */ = {isa = PBXBuildFile; fileRef = 62744CAD1BD0B89C002BCD09 /* OpenGLDemoViewController.mm */; settings = {ASSET_TAGS = (); }; };
		62744CB21BD0B89C002BCD09 /* OpenGLDemoViewController.xib in Resources */ = {isa = PBXBuildFile; fileRef = 62744CAE1BD0B89C002BCD09 /* OpenGLDemoViewController.xib */; settings = {ASSET_TAGS = (); }; };
		62744CC11BD0BA70002BCD09 /* FavoritesDemoViewController.mm in Sources */ = {isa = PBXBuildFile; fileRef = 62744CB51BD0BA70002BCD09 /* FavoritesDemoViewController.mm */; settings = {ASSET_TAGS = (); }; };
		62744CC21BD0BA70002BCD09 /* PromptInfo.m in Sources */ = {isa = PBXBuildFile; fileRef = 62744CB81BD0BA70002BCD09 /* PromptInfo.m */; settings = {COMPILER_FLAGS = "-fno-objc-arc"; }; };
		62744CC31BD0BA70002BCD09 /* Storyboard.storyboard in Resources */ = {isa = PBXBuildFile; fileRef = 62744CB91BD0BA70002BCD09 /* Storyboard.storyboard */; settings = {ASSET_TAGS = (); }; };
		62744CC41BD0BA70002BCD09 /* RadarNearbyViewController.mm in Sources */ = {isa = PBXBuildFile; fileRef = 62744CBC1BD0BA70002BCD09 /* RadarNearbyViewController.mm */; settings = {ASSET_TAGS = (); }; };
		62744CC51BD0BA70002BCD09 /* RadarTabBarController.m in Sources */ = {isa = PBXBuildFile; fileRef = 62744CBE1BD0BA70002BCD09 /* RadarTabBarController.m */; settings = {ASSET_TAGS = (); }; };
		62744CC61BD0BA70002BCD09 /* RadarUploadViewController.mm in Sources */ = {isa = PBXBuildFile; fileRef = 62744CC01BD0BA70002BCD09 /* RadarUploadViewController.mm */; settings = {ASSET_TAGS = (); }; };
		62744CC91BD0C125002BCD09 /* radar_search@2x.png in Resources */ = {isa = PBXBuildFile; fileRef = 62744CC71BD0C125002BCD09 /* radar_search@2x.png */; settings = {ASSET_TAGS = (); }; };
		62744CCA1BD0C125002BCD09 /* radar_upload@2x.png in Resources */ = {isa = PBXBuildFile; fileRef = 62744CC81BD0C125002BCD09 /* radar_upload@2x.png */; settings = {ASSET_TAGS = (); }; };
		62CF91931BCE076B0010BD2A /* line@2x.png in Resources */ = {isa = PBXBuildFile; fileRef = 62CF91921BCE076B0010BD2A /* line@2x.png */; settings = {ASSET_TAGS = (); }; };
		62EC048F1BCCC5F50088FFEC /* MapViewUIOperatViewController.m in Sources */ = {isa = PBXBuildFile; fileRef = 62EC048E1BCCC5F50088FFEC /* MapViewUIOperatViewController.m */; settings = {ASSET_TAGS = (); }; };
		62EC04921BCCDB110088FFEC /* LocationViewController.m in Sources */ = {isa = PBXBuildFile; fileRef = 62EC04911BCCDB110088FFEC /* LocationViewController.m */; settings = {ASSET_TAGS = (); }; };
		62EC04951BCCECFD0088FFEC /* CoverMapViewController.m in Sources */ = {isa = PBXBuildFile; fileRef = 62EC04941BCCECFD0088FFEC /* CoverMapViewController.m */; settings = {ASSET_TAGS = (); }; };
		62F1E1281BC8FE5000B59466 /* BaiduMapAPI.framework in Frameworks */ = {isa = PBXBuildFile; fileRef = 62F1E1271BC8FE5000B59466 /* BaiduMapAPI.framework */; settings = {ASSET_TAGS = (); }; };
		62F1E12A1BC8FE9F00B59466 /* mapapi.bundle in Resources */ = {isa = PBXBuildFile; fileRef = 62F1E1291BC8FE9F00B59466 /* mapapi.bundle */; };
/* End PBXBuildFile section */

/* Begin PBXContainerItemProxy section */
		3D81515A1A845670006B856B /* PBXContainerItemProxy */ = {
			isa = PBXContainerItemProxy;
			containerPortal = 3D8151381A84566F006B856B /* Project object */;
			proxyType = 1;
			remoteGlobalIDString = 3D81513F1A84566F006B856B;
			remoteInfo = BaiduMapDemo;
		};
/* End PBXContainerItemProxy section */

/* Begin PBXFileReference section */
		3D8151401A84566F006B856B /* BaiduMapDemo.app */ = {isa = PBXFileReference; explicitFileType = wrapper.application; includeInIndex = 0; path = BaiduMapDemo.app; sourceTree = BUILT_PRODUCTS_DIR; };
		3D8151441A84566F006B856B /* Info.plist */ = {isa = PBXFileReference; lastKnownFileType = text.plist.xml; path = Info.plist; sourceTree = "<group>"; };
		3D8151451A84566F006B856B /* main.m */ = {isa = PBXFileReference; lastKnownFileType = sourcecode.c.objc; path = main.m; sourceTree = "<group>"; };
		3D8151471A84566F006B856B /* AppDelegate.h */ = {isa = PBXFileReference; lastKnownFileType = sourcecode.c.h; path = AppDelegate.h; sourceTree = "<group>"; };
		3D8151481A84566F006B856B /* AppDelegate.m */ = {isa = PBXFileReference; lastKnownFileType = sourcecode.c.objc; path = AppDelegate.m; sourceTree = "<group>"; };
		3D81514A1A84566F006B856B /* ViewController.h */ = {isa = PBXFileReference; lastKnownFileType = sourcecode.c.h; path = ViewController.h; sourceTree = "<group>"; };
		3D81514B1A84566F006B856B /* ViewController.mm */ = {isa = PBXFileReference; lastKnownFileType = sourcecode.cpp.objcpp; path = ViewController.mm; sourceTree = "<group>"; };
		3D81514E1A84566F006B856B /* Base */ = {isa = PBXFileReference; lastKnownFileType = file.storyboard; name = Base; path = Base.lproj/Main.storyboard; sourceTree = "<group>"; };
		3D8151501A84566F006B856B /* Images.xcassets */ = {isa = PBXFileReference; lastKnownFileType = folder.assetcatalog; path = Images.xcassets; sourceTree = "<group>"; };
		3D8151531A84566F006B856B /* Base */ = {isa = PBXFileReference; lastKnownFileType = file.xib; name = Base; path = Base.lproj/LaunchScreen.xib; sourceTree = "<group>"; };
		3D8151591A845670006B856B /* BaiduMapDemoTests.xctest */ = {isa = PBXFileReference; explicitFileType = wrapper.cfbundle; includeInIndex = 0; path = BaiduMapDemoTests.xctest; sourceTree = BUILT_PRODUCTS_DIR; };
		3D81515E1A845670006B856B /* Info.plist */ = {isa = PBXFileReference; lastKnownFileType = text.plist.xml; path = Info.plist; sourceTree = "<group>"; };
		3D81515F1A845670006B856B /* BaiduMapDemoTests.m */ = {isa = PBXFileReference; lastKnownFileType = sourcecode.c.objc; path = BaiduMapDemoTests.m; sourceTree = "<group>"; };
		3D81516E1A845744006B856B /* add@2x.png */ = {isa = PBXFileReference; lastKnownFileType = image.png; path = "add@2x.png"; sourceTree = "<group>"; };
		3D81516F1A845744006B856B /* local@2x.png */ = {isa = PBXFileReference; lastKnownFileType = image.png; path = "local@2x.png"; sourceTree = "<group>"; };
		3D8151701A845744006B856B /* local@3x.png */ = {isa = PBXFileReference; lastKnownFileType = image.png; path = "local@3x.png"; sourceTree = "<group>"; };
		3D8151711A845744006B856B /* max@2x.png */ = {isa = PBXFileReference; lastKnownFileType = image.png; path = "max@2x.png"; sourceTree = "<group>"; };
		3D8151721A845744006B856B /* medium@2x.png */ = {isa = PBXFileReference; lastKnownFileType = image.png; path = "medium@2x.png"; sourceTree = "<group>"; };
		3D8151731A845744006B856B /* min@2x.png */ = {isa = PBXFileReference; lastKnownFileType = image.png; path = "min@2x.png"; sourceTree = "<group>"; };
		3D8151751A845744006B856B /* sub@2x.png */ = {isa = PBXFileReference; lastKnownFileType = image.png; path = "sub@2x.png"; sourceTree = "<group>"; };
		3D8151CF1A845774006B856B /* Default-568h@2x.png */ = {isa = PBXFileReference; lastKnownFileType = image.png; name = "Default-568h@2x.png"; path = "../../Default-568h@2x.png"; sourceTree = "<group>"; };
		3D8151D11A845793006B856B /* CoreLocation.framework */ = {isa = PBXFileReference; lastKnownFileType = wrapper.framework; name = CoreLocation.framework; path = System/Library/Frameworks/CoreLocation.framework; sourceTree = SDKROOT; };
		3D8151D31A84579A006B856B /* QuartzCore.framework */ = {isa = PBXFileReference; lastKnownFileType = wrapper.framework; name = QuartzCore.framework; path = System/Library/Frameworks/QuartzCore.framework; sourceTree = SDKROOT; };
		3D8151D51A8457A2006B856B /* OpenGLES.framework */ = {isa = PBXFileReference; lastKnownFileType = wrapper.framework; name = OpenGLES.framework; path = System/Library/Frameworks/OpenGLES.framework; sourceTree = SDKROOT; };
		3D8151D71A8457AA006B856B /* SystemConfiguration.framework */ = {isa = PBXFileReference; lastKnownFileType = wrapper.framework; name = SystemConfiguration.framework; path = System/Library/Frameworks/SystemConfiguration.framework; sourceTree = SDKROOT; };
		3D8151D91A8457B3006B856B /* CoreGraphics.framework */ = {isa = PBXFileReference; lastKnownFileType = wrapper.framework; name = CoreGraphics.framework; path = System/Library/Frameworks/CoreGraphics.framework; sourceTree = SDKROOT; };
		3D8151DB1A8457BB006B856B /* Security.framework */ = {isa = PBXFileReference; lastKnownFileType = wrapper.framework; name = Security.framework; path = System/Library/Frameworks/Security.framework; sourceTree = SDKROOT; };
		3D8151DD1A845881006B856B /* BaiduMapDemo-Prefix.pch */ = {isa = PBXFileReference; lastKnownFileType = sourcecode.c.h; path = "BaiduMapDemo-Prefix.pch"; sourceTree = "<group>"; };
		3D8151DE1A84590B006B856B /* Config.h */ = {isa = PBXFileReference; lastKnownFileType = sourcecode.c.h; path = Config.h; sourceTree = "<group>"; };
		3D8151DF1A8459D7006B856B /* MainTableViewController.h */ = {isa = PBXFileReference; fileEncoding = 4; lastKnownFileType = sourcecode.c.h; path = MainTableViewController.h; sourceTree = "<group>"; };
		3D8151E01A8459D7006B856B /* MainTableViewController.m */ = {isa = PBXFileReference; fileEncoding = 4; lastKnownFileType = sourcecode.c.objc; path = MainTableViewController.m; sourceTree = "<group>"; };
		3D8151E21A845B4F006B856B /* BasicMapViewController.h */ = {isa = PBXFileReference; fileEncoding = 4; lastKnownFileType = sourcecode.c.h; path = BasicMapViewController.h; sourceTree = "<group>"; };
		3D8151E31A845B4F006B856B /* BasicMapViewController.m */ = {isa = PBXFileReference; fileEncoding = 4; lastKnownFileType = sourcecode.c.objc; path = BasicMapViewController.m; sourceTree = "<group>"; };
		3D8151E61A845B7F006B856B /* KHPaoPaoView.h */ = {isa = PBXFileReference; fileEncoding = 4; lastKnownFileType = sourcecode.c.h; path = KHPaoPaoView.h; sourceTree = "<group>"; };
		3D8151E71A845B7F006B856B /* KHPaoPaoView.m */ = {isa = PBXFileReference; fileEncoding = 4; lastKnownFileType = sourcecode.c.objc; path = KHPaoPaoView.m; sourceTree = "<group>"; };
		3D8151E91A845BA1006B856B /* KHPointAnnotation.h */ = {isa = PBXFileReference; fileEncoding = 4; lastKnownFileType = sourcecode.c.h; path = KHPointAnnotation.h; sourceTree = "<group>"; };
		3D8151EA1A845BA1006B856B /* KHPointAnnotation.m */ = {isa = PBXFileReference; fileEncoding = 4; lastKnownFileType = sourcecode.c.objc; path = KHPointAnnotation.m; sourceTree = "<group>"; };
		3D8151EC1A84681A006B856B /* add@3x.png */ = {isa = PBXFileReference; lastKnownFileType = image.png; path = "add@3x.png"; sourceTree = "<group>"; };
		3D8151ED1A84681A006B856B /* sub@3x.png */ = {isa = PBXFileReference; lastKnownFileType = image.png; path = "sub@3x.png"; sourceTree = "<group>"; };
		6208780F1BCE3DB60018C62D /* test.png */ = {isa = PBXFileReference; lastKnownFileType = image.png; path = test.png; sourceTree = "<group>"; };
		620878111BCE41710018C62D /* CustomOverlayViewController.h */ = {isa = PBXFileReference; fileEncoding = 4; lastKnownFileType = sourcecode.c.h; path = CustomOverlayViewController.h; sourceTree = "<group>"; };
		620878121BCE41710018C62D /* CustomOverlayViewController.mm */ = {isa = PBXFileReference; fileEncoding = 4; lastKnownFileType = sourcecode.cpp.objcpp; path = CustomOverlayViewController.mm; sourceTree = "<group>"; };
		620878141BCE43280018C62D /* KHCustomOverlay.h */ = {isa = PBXFileReference; fileEncoding = 4; lastKnownFileType = sourcecode.c.h; path = KHCustomOverlay.h; sourceTree = "<group>"; };
		620878151BCE43280018C62D /* KHCustomOverlay.mm */ = {isa = PBXFileReference; fileEncoding = 4; lastKnownFileType = sourcecode.cpp.objcpp; path = KHCustomOverlay.mm; sourceTree = "<group>"; };
		620878181BCE45630018C62D /* KHCustomOverlayView.h */ = {isa = PBXFileReference; fileEncoding = 4; lastKnownFileType = sourcecode.c.h; path = KHCustomOverlayView.h; sourceTree = "<group>"; };
		620878191BCE45630018C62D /* KHCustomOverlayView.m */ = {isa = PBXFileReference; fileEncoding = 4; lastKnownFileType = sourcecode.c.objc; path = KHCustomOverlayView.m; sourceTree = "<group>"; };
		6208781B1BCE48200018C62D /* PoiSearchViewController.h */ = {isa = PBXFileReference; fileEncoding = 4; lastKnownFileType = sourcecode.c.h; path = PoiSearchViewController.h; sourceTree = "<group>"; };
		6208781C1BCE48200018C62D /* PoiSearchViewController.m */ = {isa = PBXFileReference; fileEncoding = 4; lastKnownFileType = sourcecode.c.objc; path = PoiSearchViewController.m; sourceTree = "<group>"; };
		6208781D1BCE48200018C62D /* PoiSearchViewController.xib */ = {isa = PBXFileReference; fileEncoding = 4; lastKnownFileType = file.xib; path = PoiSearchViewController.xib; sourceTree = "<group>"; };
		62107AF41BCF57540007E22F /* GeocodeViewController.h */ = {isa = PBXFileReference; fileEncoding = 4; lastKnownFileType = sourcecode.c.h; name = GeocodeViewController.h; path = 10/GeocodeViewController.h; sourceTree = "<group>"; };
		62107AF51BCF57540007E22F /* GeocodeViewController.m */ = {isa = PBXFileReference; fileEncoding = 4; lastKnownFileType = sourcecode.c.objc; name = GeocodeViewController.m; path = 10/GeocodeViewController.m; sourceTree = "<group>"; };
		62107AF61BCF57540007E22F /* GeocodeViewController.xib */ = {isa = PBXFileReference; fileEncoding = 4; lastKnownFileType = file.xib; name = GeocodeViewController.xib; path = 10/GeocodeViewController.xib; sourceTree = "<group>"; };
		62107AFD1BCF76420007E22F /* RouteSearchViewController.h */ = {isa = PBXFileReference; fileEncoding = 4; lastKnownFileType = sourcecode.c.h; name = RouteSearchViewController.h; path = 11/RouteSearchViewController.h; sourceTree = "<group>"; };
		62107AFE1BCF76420007E22F /* RouteSearchViewController.mm */ = {isa = PBXFileReference; fileEncoding = 4; lastKnownFileType = sourcecode.cpp.objcpp; name = RouteSearchViewController.mm; path = 11/RouteSearchViewController.mm; sourceTree = "<group>"; };
		62107AFF1BCF76420007E22F /* RouteSearchViewController.xib */ = {isa = PBXFileReference; fileEncoding = 4; lastKnownFileType = file.xib; name = RouteSearchViewController.xib; path = 11/RouteSearchViewController.xib; sourceTree = "<group>"; };
		6256B92D1BCB9B400085331A /* DualmapViewController.h */ = {isa = PBXFileReference; fileEncoding = 4; lastKnownFileType = sourcecode.c.h; path = DualmapViewController.h; sourceTree = "<group>"; };
		6256B92E1BCB9B400085331A /* DualmapViewController.m */ = {isa = PBXFileReference; fileEncoding = 4; lastKnownFileType = sourcecode.c.objc; path = DualmapViewController.m; sourceTree = "<group>"; };
		6256B9301BCBA2020085331A /* MapDemoViewController.h */ = {isa = PBXFileReference; fileEncoding = 4; lastKnownFileType = sourcecode.c.h; path = MapDemoViewController.h; sourceTree = "<group>"; };
		6256B9311BCBA2020085331A /* MapDemoViewController.m */ = {isa = PBXFileReference; fileEncoding = 4; lastKnownFileType = sourcecode.c.objc; path = MapDemoViewController.m; sourceTree = "<group>"; };
		6256B9331BCBAB2C0085331A /* MapControlViewController.h */ = {isa = PBXFileReference; fileEncoding = 4; lastKnownFileType = sourcecode.c.h; path = MapControlViewController.h; sourceTree = "<group>"; };
		6256B9341BCBAB2C0085331A /* MapControlViewController.m */ = {isa = PBXFileReference; fileEncoding = 4; lastKnownFileType = sourcecode.c.objc; path = MapControlViewController.m; sourceTree = "<group>"; };
		626572141BCF888600E548CE /* WayPointRouteSearchDemoViewController.h */ = {isa = PBXFileReference; fileEncoding = 4; lastKnownFileType = sourcecode.c.h; path = WayPointRouteSearchDemoViewController.h; sourceTree = "<group>"; };
		626572151BCF888600E548CE /* WayPointRouteSearchDemoViewController.mm */ = {isa = PBXFileReference; fileEncoding = 4; lastKnownFileType = sourcecode.cpp.objcpp; path = WayPointRouteSearchDemoViewController.mm; sourceTree = "<group>"; };
		626572161BCF888600E548CE /* WayPointRouteSearchDemoViewController.xib */ = {isa = PBXFileReference; fileEncoding = 4; lastKnownFileType = file.xib; path = WayPointRouteSearchDemoViewController.xib; sourceTree = "<group>"; };
		6265721C1BCF8AF500E548CE /* UIImage+Rotate.h */ = {isa = PBXFileReference; fileEncoding = 4; lastKnownFileType = sourcecode.c.h; name = "UIImage+Rotate.h"; path = "11/UIImage+Rotate.h"; sourceTree = "<group>"; };
		6265721D1BCF8AF500E548CE /* UIImage+Rotate.m */ = {isa = PBXFileReference; fileEncoding = 4; lastKnownFileType = sourcecode.c.objc; name = "UIImage+Rotate.m"; path = "11/UIImage+Rotate.m"; sourceTree = "<group>"; };
		626572201BCF8B6600E548CE /* BusLineSearchViewController.h */ = {isa = PBXFileReference; fileEncoding = 4; lastKnownFileType = sourcecode.c.h; path = BusLineSearchViewController.h; sourceTree = "<group>"; };
		626572211BCF8B6600E548CE /* BusLineSearchViewController.mm */ = {isa = PBXFileReference; fileEncoding = 4; lastKnownFileType = sourcecode.cpp.objcpp; path = BusLineSearchViewController.mm; sourceTree = "<group>"; };
		626572221BCF8B6600E548CE /* BusLineSearchViewController.xib */ = {isa = PBXFileReference; fileEncoding = 4; lastKnownFileType = file.xib; path = BusLineSearchViewController.xib; sourceTree = "<group>"; };
		626572261BCF8CC100E548CE /* OfflineDemoMapViewController.h */ = {isa = PBXFileReference; fileEncoding = 4; lastKnownFileType = sourcecode.c.h; path = OfflineDemoMapViewController.h; sourceTree = "<group>"; };
		626572271BCF8CC100E548CE /* OfflineDemoMapViewController.m */ = {isa = PBXFileReference; fileEncoding = 4; lastKnownFileType = sourcecode.c.objc; path = OfflineDemoMapViewController.m; sourceTree = "<group>"; };
		626572281BCF8CC100E548CE /* OfflineDemoViewController.h */ = {isa = PBXFileReference; fileEncoding = 4; lastKnownFileType = sourcecode.c.h; path = OfflineDemoViewController.h; sourceTree = "<group>"; };
		626572291BCF8CC100E548CE /* OfflineDemoViewController.m */ = {isa = PBXFileReference; fileEncoding = 4; lastKnownFileType = sourcecode.c.objc; path = OfflineDemoViewController.m; sourceTree = "<group>"; };
		6265722A1BCF8CC100E548CE /* OfflineDemoViewController.xib */ = {isa = PBXFileReference; fileEncoding = 4; lastKnownFileType = file.xib; path = OfflineDemoViewController.xib; sourceTree = "<group>"; };
		62744C921BD0B479002BCD09 /* HeatMapDemo.h */ = {isa = PBXFileReference; fileEncoding = 4; lastKnownFileType = sourcecode.c.h; path = HeatMapDemo.h; sourceTree = "<group>"; };
		62744C931BD0B479002BCD09 /* HeatMapDemo.mm */ = {isa = PBXFileReference; fileEncoding = 4; lastKnownFileType = sourcecode.cpp.objcpp; path = HeatMapDemo.mm; sourceTree = "<group>"; };
		62744C941BD0B479002BCD09 /* HeatMapDemo.xib */ = {isa = PBXFileReference; fileEncoding = 4; lastKnownFileType = file.xib; path = HeatMapDemo.xib; sourceTree = "<group>"; };
		62744C971BD0B5D1002BCD09 /* locations.json */ = {isa = PBXFileReference; fileEncoding = 4; lastKnownFileType = text.json; path = locations.json; sourceTree = "<group>"; };
		62744C9A1BD0B65C002BCD09 /* ShortUrlShareDemoViewController.h */ = {isa = PBXFileReference; fileEncoding = 4; lastKnownFileType = sourcecode.c.h; path = ShortUrlShareDemoViewController.h; sourceTree = "<group>"; };
		62744C9B1BD0B65C002BCD09 /* ShortUrlShareDemoViewController.mm */ = {isa = PBXFileReference; fileEncoding = 4; lastKnownFileType = sourcecode.cpp.objcpp; path = ShortUrlShareDemoViewController.mm; sourceTree = "<group>"; };
		62744C9C1BD0B65C002BCD09 /* ShortUrlShareDemoViewController.xib */ = {isa = PBXFileReference; fileEncoding = 4; lastKnownFileType = file.xib; path = ShortUrlShareDemoViewController.xib; sourceTree = "<group>"; };
		62744C9F1BD0B75A002BCD09 /* MessageUI.framework */ = {isa = PBXFileReference; lastKnownFileType = wrapper.framework; name = MessageUI.framework; path = System/Library/Frameworks/MessageUI.framework; sourceTree = SDKROOT; };
		62744CA21BD0B7DE002BCD09 /* CloudSearchDemoViewController.h */ = {isa = PBXFileReference; fileEncoding = 4; lastKnownFileType = sourcecode.c.h; path = CloudSearchDemoViewController.h; sourceTree = "<group>"; };
		62744CA31BD0B7DE002BCD09 /* CloudSearchDemoViewController.mm */ = {isa = PBXFileReference; fileEncoding = 4; lastKnownFileType = sourcecode.cpp.objcpp; path = CloudSearchDemoViewController.mm; sourceTree = "<group>"; };
		62744CA41BD0B7DE002BCD09 /* CloudSearchDemoViewController.xib */ = {isa = PBXFileReference; fileEncoding = 4; lastKnownFileType = file.xib; path = CloudSearchDemoViewController.xib; sourceTree = "<group>"; };
		62744CA81BD0B89C002BCD09 /* OpenBaiduMapDemo.h */ = {isa = PBXFileReference; fileEncoding = 4; lastKnownFileType = sourcecode.c.h; path = OpenBaiduMapDemo.h; sourceTree = "<group>"; };
		62744CA91BD0B89C002BCD09 /* OpenBaiduMapDemo.m */ = {isa = PBXFileReference; fileEncoding = 4; lastKnownFileType = sourcecode.c.objc; path = OpenBaiduMapDemo.m; sourceTree = "<group>"; };
		62744CAA1BD0B89C002BCD09 /* OpenBaiduMapDemo.xib */ = {isa = PBXFileReference; fileEncoding = 4; lastKnownFileType = file.xib; path = OpenBaiduMapDemo.xib; sourceTree = "<group>"; };
		62744CAC1BD0B89C002BCD09 /* OpenGLDemoViewController.h */ = {isa = PBXFileReference; fileEncoding = 4; lastKnownFileType = sourcecode.c.h; path = OpenGLDemoViewController.h; sourceTree = "<group>"; };
		62744CAD1BD0B89C002BCD09 /* OpenGLDemoViewController.mm */ = {isa = PBXFileReference; fileEncoding = 4; lastKnownFileType = sourcecode.cpp.objcpp; path = OpenGLDemoViewController.mm; sourceTree = "<group>"; };
		62744CAE1BD0B89C002BCD09 /* OpenGLDemoViewController.xib */ = {isa = PBXFileReference; fileEncoding = 4; lastKnownFileType = file.xib; path = OpenGLDemoViewController.xib; sourceTree = "<group>"; };
		62744CB41BD0BA70002BCD09 /* FavoritesDemoViewController.h */ = {isa = PBXFileReference; fileEncoding = 4; lastKnownFileType = sourcecode.c.h; path = FavoritesDemoViewController.h; sourceTree = "<group>"; };
		62744CB51BD0BA70002BCD09 /* FavoritesDemoViewController.mm */ = {isa = PBXFileReference; fileEncoding = 4; lastKnownFileType = sourcecode.cpp.objcpp; path = FavoritesDemoViewController.mm; sourceTree = "<group>"; };
		62744CB71BD0BA70002BCD09 /* PromptInfo.h */ = {isa = PBXFileReference; fileEncoding = 4; lastKnownFileType = sourcecode.c.h; path = PromptInfo.h; sourceTree = "<group>"; };
		62744CB81BD0BA70002BCD09 /* PromptInfo.m */ = {isa = PBXFileReference; fileEncoding = 4; lastKnownFileType = sourcecode.c.objc; path = PromptInfo.m; sourceTree = "<group>"; };
		62744CB91BD0BA70002BCD09 /* Storyboard.storyboard */ = {isa = PBXFileReference; fileEncoding = 4; lastKnownFileType = file.storyboard; path = Storyboard.storyboard; sourceTree = "<group>"; };
		62744CBB1BD0BA70002BCD09 /* RadarNearbyViewController.h */ = {isa = PBXFileReference; fileEncoding = 4; lastKnownFileType = sourcecode.c.h; path = RadarNearbyViewController.h; sourceTree = "<group>"; };
		62744CBC1BD0BA70002BCD09 /* RadarNearbyViewController.mm */ = {isa = PBXFileReference; fileEncoding = 4; lastKnownFileType = sourcecode.cpp.objcpp; path = RadarNearbyViewController.mm; sourceTree = "<group>"; };
		62744CBD1BD0BA70002BCD09 /* RadarTabBarController.h */ = {isa = PBXFileReference; fileEncoding = 4; lastKnownFileType = sourcecode.c.h; path = RadarTabBarController.h; sourceTree = "<group>"; };
		62744CBE1BD0BA70002BCD09 /* RadarTabBarController.m */ = {isa = PBXFileReference; fileEncoding = 4; lastKnownFileType = sourcecode.c.objc; path = RadarTabBarController.m; sourceTree = "<group>"; };
		62744CBF1BD0BA70002BCD09 /* RadarUploadViewController.h */ = {isa = PBXFileReference; fileEncoding = 4; lastKnownFileType = sourcecode.c.h; path = RadarUploadViewController.h; sourceTree = "<group>"; };
		62744CC01BD0BA70002BCD09 /* RadarUploadViewController.mm */ = {isa = PBXFileReference; fileEncoding = 4; lastKnownFileType = sourcecode.cpp.objcpp; path = RadarUploadViewController.mm; sourceTree = "<group>"; };
		62744CC71BD0C125002BCD09 /* radar_search@2x.png */ = {isa = PBXFileReference; lastKnownFileType = image.png; path = "radar_search@2x.png"; sourceTree = "<group>"; };
		62744CC81BD0C125002BCD09 /* radar_upload@2x.png */ = {isa = PBXFileReference; lastKnownFileType = image.png; path = "radar_upload@2x.png"; sourceTree = "<group>"; };
		62CF91921BCE076B0010BD2A /* line@2x.png */ = {isa = PBXFileReference; lastKnownFileType = image.png; path = "line@2x.png"; sourceTree = "<group>"; };
		62EC048D1BCCC5F50088FFEC /* MapViewUIOperatViewController.h */ = {isa = PBXFileReference; fileEncoding = 4; lastKnownFileType = sourcecode.c.h; path = MapViewUIOperatViewController.h; sourceTree = "<group>"; };
		62EC048E1BCCC5F50088FFEC /* MapViewUIOperatViewController.m */ = {isa = PBXFileReference; fileEncoding = 4; lastKnownFileType = sourcecode.c.objc; path = MapViewUIOperatViewController.m; sourceTree = "<group>"; };
		62EC04901BCCDB110088FFEC /* LocationViewController.h */ = {isa = PBXFileReference; fileEncoding = 4; lastKnownFileType = sourcecode.c.h; path = LocationViewController.h; sourceTree = "<group>"; };
		62EC04911BCCDB110088FFEC /* LocationViewController.m */ = {isa = PBXFileReference; fileEncoding = 4; lastKnownFileType = sourcecode.c.objc; path = LocationViewController.m; sourceTree = "<group>"; };
		62EC04931BCCECFD0088FFEC /* CoverMapViewController.h */ = {isa = PBXFileReference; fileEncoding = 4; lastKnownFileType = sourcecode.c.h; path = CoverMapViewController.h; sourceTree = "<group>"; };
		62EC04941BCCECFD0088FFEC /* CoverMapViewController.m */ = {isa = PBXFileReference; fileEncoding = 4; lastKnownFileType = sourcecode.c.objc; path = CoverMapViewController.m; sourceTree = "<group>"; };
		62F1E1271BC8FE5000B59466 /* BaiduMapAPI.framework */ = {isa = PBXFileReference; lastKnownFileType = wrapper.framework; name = BaiduMapAPI.framework; path = Resource/Lib/BaiduMapAPI.framework; sourceTree = "<group>"; };
		62F1E1291BC8FE9F00B59466 /* mapapi.bundle */ = {isa = PBXFileReference; lastKnownFileType = "wrapper.plug-in"; name = mapapi.bundle; path = ../Lib/BaiduMapAPI.framework/Resources/mapapi.bundle; sourceTree = "<group>"; };
/* End PBXFileReference section */

/* Begin PBXFrameworksBuildPhase section */
		3D81513D1A84566F006B856B /* Frameworks */ = {
			isa = PBXFrameworksBuildPhase;
			buildActionMask = 2147483647;
			files = (
				62744CA01BD0B75A002BCD09 /* MessageUI.framework in Frameworks */,
				3D8151DC1A8457BB006B856B /* Security.framework in Frameworks */,
				3D8151DA1A8457B3006B856B /* CoreGraphics.framework in Frameworks */,
				3D8151D81A8457AA006B856B /* SystemConfiguration.framework in Frameworks */,
				3D8151D61A8457A2006B856B /* OpenGLES.framework in Frameworks */,
				3D8151D41A84579A006B856B /* QuartzCore.framework in Frameworks */,
				3D8151D21A845793006B856B /* CoreLocation.framework in Frameworks */,
				62F1E1281BC8FE5000B59466 /* BaiduMapAPI.framework in Frameworks */,
			);
			runOnlyForDeploymentPostprocessing = 0;
		};
		3D8151561A845670006B856B /* Frameworks */ = {
			isa = PBXFrameworksBuildPhase;
			buildActionMask = 2147483647;
			files = (
			);
			runOnlyForDeploymentPostprocessing = 0;
		};
/* End PBXFrameworksBuildPhase section */

/* Begin PBXGroup section */
		3D8151371A84566F006B856B = {
			isa = PBXGroup;
			children = (
				3D81516A1A845744006B856B /* Resource */,
				3D8151421A84566F006B856B /* BaiduMapDemo */,
				3D81515C1A845670006B856B /* BaiduMapDemoTests */,
				3D8151691A845688006B856B /* Frameworks */,
				3D8151411A84566F006B856B /* Products */,
			);
			sourceTree = "<group>";
		};
		3D8151411A84566F006B856B /* Products */ = {
			isa = PBXGroup;
			children = (
				3D8151401A84566F006B856B /* BaiduMapDemo.app */,
				3D8151591A845670006B856B /* BaiduMapDemoTests.xctest */,
			);
			name = Products;
			sourceTree = "<group>";
		};
		3D8151421A84566F006B856B /* BaiduMapDemo */ = {
			isa = PBXGroup;
			children = (
				3D8151471A84566F006B856B /* AppDelegate.h */,
				3D8151481A84566F006B856B /* AppDelegate.m */,
				3D8151DF1A8459D7006B856B /* MainTableViewController.h */,
				3D8151E01A8459D7006B856B /* MainTableViewController.m */,
				3D81514A1A84566F006B856B /* ViewController.h */,
				3D81514B1A84566F006B856B /* ViewController.mm */,
				3D81514D1A84566F006B856B /* Main.storyboard */,
				3D8151501A84566F006B856B /* Images.xcassets */,
				3D8151521A84566F006B856B /* LaunchScreen.xib */,
				3D8151431A84566F006B856B /* Supporting Files */,
			);
			path = BaiduMapDemo;
			sourceTree = "<group>";
		};
		3D8151431A84566F006B856B /* Supporting Files */ = {
			isa = PBXGroup;
			children = (
				3D8151441A84566F006B856B /* Info.plist */,
				3D8151451A84566F006B856B /* main.m */,
				3D8151DD1A845881006B856B /* BaiduMapDemo-Prefix.pch */,
			);
			name = "Supporting Files";
			sourceTree = "<group>";
		};
		3D81515C1A845670006B856B /* BaiduMapDemoTests */ = {
			isa = PBXGroup;
			children = (
				3D81515F1A845670006B856B /* BaiduMapDemoTests.m */,
				3D81515D1A845670006B856B /* Supporting Files */,
			);
			path = BaiduMapDemoTests;
			sourceTree = "<group>";
		};
		3D81515D1A845670006B856B /* Supporting Files */ = {
			isa = PBXGroup;
			children = (
				3D81515E1A845670006B856B /* Info.plist */,
			);
			name = "Supporting Files";
			sourceTree = "<group>";
		};
		3D8151691A845688006B856B /* Frameworks */ = {
			isa = PBXGroup;
			children = (
				62744C9F1BD0B75A002BCD09 /* MessageUI.framework */,
				62F1E1271BC8FE5000B59466 /* BaiduMapAPI.framework */,
				3D8151DB1A8457BB006B856B /* Security.framework */,
				3D8151D91A8457B3006B856B /* CoreGraphics.framework */,
				3D8151D71A8457AA006B856B /* SystemConfiguration.framework */,
				3D8151D51A8457A2006B856B /* OpenGLES.framework */,
				3D8151D31A84579A006B856B /* QuartzCore.framework */,
				3D8151D11A845793006B856B /* CoreLocation.framework */,
			);
			name = Frameworks;
			sourceTree = "<group>";
		};
		3D81516A1A845744006B856B /* Resource */ = {
			isa = PBXGroup;
			children = (
				3D81516B1A845744006B856B /* Config */,
				3D81516C1A845744006B856B /* image */,
				3D8151771A845744006B856B /* View */,
			);
			path = Resource;
			sourceTree = "<group>";
		};
		3D81516B1A845744006B856B /* Config */ = {
			isa = PBXGroup;
			children = (
				62744C971BD0B5D1002BCD09 /* locations.json */,
				3D8151DE1A84590B006B856B /* Config.h */,
			);
			path = Config;
			sourceTree = "<group>";
		};
		3D81516C1A845744006B856B /* image */ = {
			isa = PBXGroup;
			children = (
				62744CC71BD0C125002BCD09 /* radar_search@2x.png */,
				62744CC81BD0C125002BCD09 /* radar_upload@2x.png */,
				62F1E1291BC8FE9F00B59466 /* mapapi.bundle */,
				3D8151EC1A84681A006B856B /* add@3x.png */,
				3D8151ED1A84681A006B856B /* sub@3x.png */,
				3D8151CF1A845774006B856B /* Default-568h@2x.png */,
				3D81516E1A845744006B856B /* add@2x.png */,
				3D81516F1A845744006B856B /* local@2x.png */,
				3D8151701A845744006B856B /* local@3x.png */,
				3D8151711A845744006B856B /* max@2x.png */,
				3D8151721A845744006B856B /* medium@2x.png */,
				3D8151731A845744006B856B /* min@2x.png */,
				3D8151751A845744006B856B /* sub@2x.png */,
				62CF91921BCE076B0010BD2A /* line@2x.png */,
				6208780F1BCE3DB60018C62D /* test.png */,
			);
			path = image;
			sourceTree = "<group>";
		};
		3D8151771A845744006B856B /* View */ = {
			isa = PBXGroup;
			children = (
				3D8151781A845744006B856B /* 1 */,
				3D8151791A845744006B856B /* 2 */,
				3D81517A1A845744006B856B /* 3 */,
				3D81517B1A845744006B856B /* 4 */,
				3D81517C1A845744006B856B /* 5 */,
				3D81517D1A845744006B856B /* 6 */,
				3D81517E1A845744006B856B /* 7 */,
				3D81517F1A845744006B856B /* 8 */,
				3D8151801A845744006B856B /* 9 */,
				62107AF91BCF57730007E22F /* 10 */,
				62107AFA1BCF76010007E22F /* 11 */,
				626572131BCF888600E548CE /* 12 */,
				6265721F1BCF8B6600E548CE /* 13 */,
				626572251BCF8CC100E548CE /* 14 */,
				62744C911BD0B479002BCD09 /* 15 */,
				62744C991BD0B65C002BCD09 /* 16 */,
				62744CA11BD0B7DE002BCD09 /* 17 */,
				62744CA71BD0B89C002BCD09 /* 18 */,
				62744CAB1BD0B89C002BCD09 /* 19 */,
				62744CB31BD0BA70002BCD09 /* 20 */,
				62744CBA1BD0BA70002BCD09 /* 21 */,
			);
			path = View;
			sourceTree = "<group>";
		};
		3D8151781A845744006B856B /* 1 */ = {
			isa = PBXGroup;
			children = (
				3D8151E51A845B6D006B856B /* Paopao */,
				3D8151E21A845B4F006B856B /* BasicMapViewController.h */,
				3D8151E31A845B4F006B856B /* BasicMapViewController.m */,
			);
			path = 1;
			sourceTree = "<group>";
		};
		3D8151791A845744006B856B /* 2 */ = {
			isa = PBXGroup;
			children = (
				6256B92D1BCB9B400085331A /* DualmapViewController.h */,
				6256B92E1BCB9B400085331A /* DualmapViewController.m */,
			);
			path = 2;
			sourceTree = "<group>";
		};
		3D81517A1A845744006B856B /* 3 */ = {
			isa = PBXGroup;
			children = (
				6256B9301BCBA2020085331A /* MapDemoViewController.h */,
				6256B9311BCBA2020085331A /* MapDemoViewController.m */,
			);
			path = 3;
			sourceTree = "<group>";
		};
		3D81517B1A845744006B856B /* 4 */ = {
			isa = PBXGroup;
			children = (
				6256B9331BCBAB2C0085331A /* MapControlViewController.h */,
				6256B9341BCBAB2C0085331A /* MapControlViewController.m */,
			);
			path = 4;
			sourceTree = "<group>";
		};
		3D81517C1A845744006B856B /* 5 */ = {
			isa = PBXGroup;
			children = (
				62EC048D1BCCC5F50088FFEC /* MapViewUIOperatViewController.h */,
				62EC048E1BCCC5F50088FFEC /* MapViewUIOperatViewController.m */,
			);
			path = 5;
			sourceTree = "<group>";
		};
		3D81517D1A845744006B856B /* 6 */ = {
			isa = PBXGroup;
			children = (
				62EC04901BCCDB110088FFEC /* LocationViewController.h */,
				62EC04911BCCDB110088FFEC /* LocationViewController.m */,
			);
			path = 6;
			sourceTree = "<group>";
		};
		3D81517E1A845744006B856B /* 7 */ = {
			isa = PBXGroup;
			children = (
				62EC04931BCCECFD0088FFEC /* CoverMapViewController.h */,
				62EC04941BCCECFD0088FFEC /* CoverMapViewController.m */,
			);
			path = 7;
			sourceTree = "<group>";
		};
		3D81517F1A845744006B856B /* 8 */ = {
			isa = PBXGroup;
			children = (
				620878171BCE432E0018C62D /* custom */,
				620878111BCE41710018C62D /* CustomOverlayViewController.h */,
				620878121BCE41710018C62D /* CustomOverlayViewController.mm */,
			);
			path = 8;
			sourceTree = "<group>";
		};
		3D8151801A845744006B856B /* 9 */ = {
			isa = PBXGroup;
			children = (
				6208781B1BCE48200018C62D /* PoiSearchViewController.h */,
				6208781C1BCE48200018C62D /* PoiSearchViewController.m */,
				6208781D1BCE48200018C62D /* PoiSearchViewController.xib */,
			);
			path = 9;
			sourceTree = "<group>";
		};
		3D8151E51A845B6D006B856B /* Paopao */ = {
			isa = PBXGroup;
			children = (
				3D8151E61A845B7F006B856B /* KHPaoPaoView.h */,
				3D8151E71A845B7F006B856B /* KHPaoPaoView.m */,
				3D8151E91A845BA1006B856B /* KHPointAnnotation.h */,
				3D8151EA1A845BA1006B856B /* KHPointAnnotation.m */,
			);
			path = Paopao;
			sourceTree = "<group>";
		};
		620878171BCE432E0018C62D /* custom */ = {
			isa = PBXGroup;
			children = (
				620878141BCE43280018C62D /* KHCustomOverlay.h */,
				620878151BCE43280018C62D /* KHCustomOverlay.mm */,
				620878181BCE45630018C62D /* KHCustomOverlayView.h */,
				620878191BCE45630018C62D /* KHCustomOverlayView.m */,
			);
			name = custom;
			sourceTree = "<group>";
		};
		62107AF91BCF57730007E22F /* 10 */ = {
			isa = PBXGroup;
			children = (
				62107AF41BCF57540007E22F /* GeocodeViewController.h */,
				62107AF51BCF57540007E22F /* GeocodeViewController.m */,
				62107AF61BCF57540007E22F /* GeocodeViewController.xib */,
			);
			name = 10;
			sourceTree = "<group>";
		};
		62107AFA1BCF76010007E22F /* 11 */ = {
			isa = PBXGroup;
			children = (
				6265721C1BCF8AF500E548CE /* UIImage+Rotate.h */,
				6265721D1BCF8AF500E548CE /* UIImage+Rotate.m */,
				62107AFD1BCF76420007E22F /* RouteSearchViewController.h */,
				62107AFE1BCF76420007E22F /* RouteSearchViewController.mm */,
				62107AFF1BCF76420007E22F /* RouteSearchViewController.xib */,
			);
			name = 11;
			sourceTree = "<group>";
		};
		626572131BCF888600E548CE /* 12 */ = {
			isa = PBXGroup;
			children = (
				626572141BCF888600E548CE /* WayPointRouteSearchDemoViewController.h */,
				626572151BCF888600E548CE /* WayPointRouteSearchDemoViewController.mm */,
				626572161BCF888600E548CE /* WayPointRouteSearchDemoViewController.xib */,
			);
			path = 12;
			sourceTree = "<group>";
		};
		6265721F1BCF8B6600E548CE /* 13 */ = {
			isa = PBXGroup;
			children = (
				626572201BCF8B6600E548CE /* BusLineSearchViewController.h */,
				626572211BCF8B6600E548CE /* BusLineSearchViewController.mm */,
				626572221BCF8B6600E548CE /* BusLineSearchViewController.xib */,
			);
			path = 13;
			sourceTree = "<group>";
		};
		626572251BCF8CC100E548CE /* 14 */ = {
			isa = PBXGroup;
			children = (
				626572261BCF8CC100E548CE /* OfflineDemoMapViewController.h */,
				626572271BCF8CC100E548CE /* OfflineDemoMapViewController.m */,
				626572281BCF8CC100E548CE /* OfflineDemoViewController.h */,
				626572291BCF8CC100E548CE /* OfflineDemoViewController.m */,
				6265722A1BCF8CC100E548CE /* OfflineDemoViewController.xib */,
			);
			path = 14;
			sourceTree = "<group>";
		};
		62744C911BD0B479002BCD09 /* 15 */ = {
			isa = PBXGroup;
			children = (
				62744C921BD0B479002BCD09 /* HeatMapDemo.h */,
				62744C931BD0B479002BCD09 /* HeatMapDemo.mm */,
				62744C941BD0B479002BCD09 /* HeatMapDemo.xib */,
			);
			path = 15;
			sourceTree = "<group>";
		};
		62744C991BD0B65C002BCD09 /* 16 */ = {
			isa = PBXGroup;
			children = (
				62744C9A1BD0B65C002BCD09 /* ShortUrlShareDemoViewController.h */,
				62744C9B1BD0B65C002BCD09 /* ShortUrlShareDemoViewController.mm */,
				62744C9C1BD0B65C002BCD09 /* ShortUrlShareDemoViewController.xib */,
			);
			path = 16;
			sourceTree = "<group>";
		};
		62744CA11BD0B7DE002BCD09 /* 17 */ = {
			isa = PBXGroup;
			children = (
				62744CA21BD0B7DE002BCD09 /* CloudSearchDemoViewController.h */,
				62744CA31BD0B7DE002BCD09 /* CloudSearchDemoViewController.mm */,
				62744CA41BD0B7DE002BCD09 /* CloudSearchDemoViewController.xib */,
			);
			path = 17;
			sourceTree = "<group>";
		};
		62744CA71BD0B89C002BCD09 /* 18 */ = {
			isa = PBXGroup;
			children = (
				62744CA81BD0B89C002BCD09 /* OpenBaiduMapDemo.h */,
				62744CA91BD0B89C002BCD09 /* OpenBaiduMapDemo.m */,
				62744CAA1BD0B89C002BCD09 /* OpenBaiduMapDemo.xib */,
			);
			path = 18;
			sourceTree = "<group>";
		};
		62744CAB1BD0B89C002BCD09 /* 19 */ = {
			isa = PBXGroup;
			children = (
				62744CAC1BD0B89C002BCD09 /* OpenGLDemoViewController.h */,
				62744CAD1BD0B89C002BCD09 /* OpenGLDemoViewController.mm */,
				62744CAE1BD0B89C002BCD09 /* OpenGLDemoViewController.xib */,
			);
			path = 19;
			sourceTree = "<group>";
		};
		62744CB31BD0BA70002BCD09 /* 20 */ = {
			isa = PBXGroup;
			children = (
				62744CB41BD0BA70002BCD09 /* FavoritesDemoViewController.h */,
				62744CB51BD0BA70002BCD09 /* FavoritesDemoViewController.mm */,
				62744CB61BD0BA70002BCD09 /* PromptInfo */,
				62744CB91BD0BA70002BCD09 /* Storyboard.storyboard */,
			);
			path = 20;
			sourceTree = "<group>";
		};
		62744CB61BD0BA70002BCD09 /* PromptInfo */ = {
			isa = PBXGroup;
			children = (
				62744CB71BD0BA70002BCD09 /* PromptInfo.h */,
				62744CB81BD0BA70002BCD09 /* PromptInfo.m */,
			);
			path = PromptInfo;
			sourceTree = "<group>";
		};
		62744CBA1BD0BA70002BCD09 /* 21 */ = {
			isa = PBXGroup;
			children = (
				62744CBB1BD0BA70002BCD09 /* RadarNearbyViewController.h */,
				62744CBC1BD0BA70002BCD09 /* RadarNearbyViewController.mm */,
				62744CBD1BD0BA70002BCD09 /* RadarTabBarController.h */,
				62744CBE1BD0BA70002BCD09 /* RadarTabBarController.m */,
				62744CBF1BD0BA70002BCD09 /* RadarUploadViewController.h */,
				62744CC01BD0BA70002BCD09 /* RadarUploadViewController.mm */,
			);
			path = 21;
			sourceTree = "<group>";
		};
/* End PBXGroup section */

/* Begin PBXNativeTarget section */
		3D81513F1A84566F006B856B /* BaiduMapDemo */ = {
			isa = PBXNativeTarget;
			buildConfigurationList = 3D8151631A845670006B856B /* Build configuration list for PBXNativeTarget "BaiduMapDemo" */;
			buildPhases = (
				3D81513C1A84566F006B856B /* Sources */,
				3D81513D1A84566F006B856B /* Frameworks */,
				3D81513E1A84566F006B856B /* Resources */,
			);
			buildRules = (
			);
			dependencies = (
			);
			name = BaiduMapDemo;
			productName = BaiduMapDemo;
			productReference = 3D8151401A84566F006B856B /* BaiduMapDemo.app */;
			productType = "com.apple.product-type.application";
		};
		3D8151581A845670006B856B /* BaiduMapDemoTests */ = {
			isa = PBXNativeTarget;
			buildConfigurationList = 3D8151661A845670006B856B /* Build configuration list for PBXNativeTarget "BaiduMapDemoTests" */;
			buildPhases = (
				3D8151551A845670006B856B /* Sources */,
				3D8151561A845670006B856B /* Frameworks */,
				3D8151571A845670006B856B /* Resources */,
			);
			buildRules = (
			);
			dependencies = (
				3D81515B1A845670006B856B /* PBXTargetDependency */,
			);
			name = BaiduMapDemoTests;
			productName = BaiduMapDemoTests;
			productReference = 3D8151591A845670006B856B /* BaiduMapDemoTests.xctest */;
			productType = "com.apple.product-type.bundle.unit-test";
		};
/* End PBXNativeTarget section */

/* Begin PBXProject section */
		3D8151381A84566F006B856B /* Project object */ = {
			isa = PBXProject;
			attributes = {
				LastUpgradeCheck = 0700;
				ORGANIZATIONNAME = OliverTheFerry;
				TargetAttributes = {
					3D81513F1A84566F006B856B = {
						CreatedOnToolsVersion = 6.1;
					};
					3D8151581A845670006B856B = {
						CreatedOnToolsVersion = 6.1;
						TestTargetID = 3D81513F1A84566F006B856B;
					};
				};
			};
			buildConfigurationList = 3D81513B1A84566F006B856B /* Build configuration list for PBXProject "BaiduMapDemo" */;
			compatibilityVersion = "Xcode 3.2";
			developmentRegion = English;
			hasScannedForEncodings = 0;
			knownRegions = (
				en,
				Base,
			);
			mainGroup = 3D8151371A84566F006B856B;
			productRefGroup = 3D8151411A84566F006B856B /* Products */;
			projectDirPath = "";
			projectRoot = "";
			targets = (
				3D81513F1A84566F006B856B /* BaiduMapDemo */,
				3D8151581A845670006B856B /* BaiduMapDemoTests */,
			);
		};
/* End PBXProject section */

/* Begin PBXResourcesBuildPhase section */
		3D81513E1A84566F006B856B /* Resources */ = {
			isa = PBXResourcesBuildPhase;
			buildActionMask = 2147483647;
			files = (
				62744CC31BD0BA70002BCD09 /* Storyboard.storyboard in Resources */,
				62F1E12A1BC8FE9F00B59466 /* mapapi.bundle in Resources */,
				62744CA61BD0B7DE002BCD09 /* CloudSearchDemoViewController.xib in Resources */,
				62744CB21BD0B89C002BCD09 /* OpenGLDemoViewController.xib in Resources */,
				62CF91931BCE076B0010BD2A /* line@2x.png in Resources */,
				62744CC91BD0C125002BCD09 /* radar_search@2x.png in Resources */,
				3D81514F1A84566F006B856B /* Main.storyboard in Resources */,
				62744CCA1BD0C125002BCD09 /* radar_upload@2x.png in Resources */,
				3D8151EE1A84681A006B856B /* add@3x.png in Resources */,
				3D8151891A845744006B856B /* sub@2x.png in Resources */,
				3D8151821A845744006B856B /* add@2x.png in Resources */,
				62744C9E1BD0B65C002BCD09 /* ShortUrlShareDemoViewController.xib in Resources */,
				3D8151841A845744006B856B /* local@3x.png in Resources */,
				3D8151861A845744006B856B /* medium@2x.png in Resources */,
				3D8151EF1A84681A006B856B /* sub@3x.png in Resources */,
				3D8151541A84566F006B856B /* LaunchScreen.xib in Resources */,
				62744C981BD0B5D1002BCD09 /* locations.json in Resources */,
				3D8151D01A845774006B856B /* Default-568h@2x.png in Resources */,
				620878101BCE3DB60018C62D /* test.png in Resources */,
				62107B011BCF76420007E22F /* RouteSearchViewController.xib in Resources */,
				3D8151871A845744006B856B /* min@2x.png in Resources */,
				62107AF81BCF57540007E22F /* GeocodeViewController.xib in Resources */,
				6208781F1BCE48200018C62D /* PoiSearchViewController.xib in Resources */,
				3D8151511A84566F006B856B /* Images.xcassets in Resources */,
				6265722D1BCF8CC100E548CE /* OfflineDemoViewController.xib in Resources */,
				3D8151851A845744006B856B /* max@2x.png in Resources */,
				626572181BCF888600E548CE /* WayPointRouteSearchDemoViewController.xib in Resources */,
				62744CB01BD0B89C002BCD09 /* OpenBaiduMapDemo.xib in Resources */,
				62744C961BD0B479002BCD09 /* HeatMapDemo.xib in Resources */,
				626572241BCF8B6600E548CE /* BusLineSearchViewController.xib in Resources */,
				3D8151831A845744006B856B /* local@2x.png in Resources */,
			);
			runOnlyForDeploymentPostprocessing = 0;
		};
		3D8151571A845670006B856B /* Resources */ = {
			isa = PBXResourcesBuildPhase;
			buildActionMask = 2147483647;
			files = (
			);
			runOnlyForDeploymentPostprocessing = 0;
		};
/* End PBXResourcesBuildPhase section */

/* Begin PBXSourcesBuildPhase section */
		3D81513C1A84566F006B856B /* Sources */ = {
			isa = PBXSourcesBuildPhase;
			buildActionMask = 2147483647;
			files = (
				620878131BCE41710018C62D /* CustomOverlayViewController.mm in Sources */,
				62744CC11BD0BA70002BCD09 /* FavoritesDemoViewController.mm in Sources */,
				62EC04951BCCECFD0088FFEC /* CoverMapViewController.m in Sources */,
				62744C951BD0B479002BCD09 /* HeatMapDemo.mm in Sources */,
				62EC048F1BCCC5F50088FFEC /* MapViewUIOperatViewController.m in Sources */,
				6265722B1BCF8CC100E548CE /* OfflineDemoMapViewController.m in Sources */,
				6256B9321BCBA2020085331A /* MapDemoViewController.m in Sources */,
				62744C9D1BD0B65C002BCD09 /* ShortUrlShareDemoViewController.mm in Sources */,
				62744CC61BD0BA70002BCD09 /* RadarUploadViewController.mm in Sources */,
				626572171BCF888600E548CE /* WayPointRouteSearchDemoViewController.mm in Sources */,
				62744CB11BD0B89C002BCD09 /* OpenGLDemoViewController.mm in Sources */,
				6265721E1BCF8AF500E548CE /* UIImage+Rotate.m in Sources */,
				3D8151E11A8459D7006B856B /* MainTableViewController.m in Sources */,
				3D8151E81A845B7F006B856B /* KHPaoPaoView.m in Sources */,
				62744CAF1BD0B89C002BCD09 /* OpenBaiduMapDemo.m in Sources */,
				62744CC41BD0BA70002BCD09 /* RadarNearbyViewController.mm in Sources */,
				6256B9351BCBAB2C0085331A /* MapControlViewController.m in Sources */,
				3D81514C1A84566F006B856B /* ViewController.mm in Sources */,
				3D8151491A84566F006B856B /* AppDelegate.m in Sources */,
				626572231BCF8B6600E548CE /* BusLineSearchViewController.mm in Sources */,
				620878161BCE43280018C62D /* KHCustomOverlay.mm in Sources */,
				62EC04921BCCDB110088FFEC /* LocationViewController.m in Sources */,
				6208781E1BCE48200018C62D /* PoiSearchViewController.m in Sources */,
				62744CA51BD0B7DE002BCD09 /* CloudSearchDemoViewController.mm in Sources */,
				62107B001BCF76420007E22F /* RouteSearchViewController.mm in Sources */,
				6208781A1BCE45630018C62D /* KHCustomOverlayView.m in Sources */,
				3D8151E41A845B4F006B856B /* BasicMapViewController.m in Sources */,
				62744CC51BD0BA70002BCD09 /* RadarTabBarController.m in Sources */,
				6256B92F1BCB9B400085331A /* DualmapViewController.m in Sources */,
				62744CC21BD0BA70002BCD09 /* PromptInfo.m in Sources */,
				3D8151461A84566F006B856B /* main.m in Sources */,
				6265722C1BCF8CC100E548CE /* OfflineDemoViewController.m in Sources */,
				3D8151EB1A845BA1006B856B /* KHPointAnnotation.m in Sources */,
				62107AF71BCF57540007E22F /* GeocodeViewController.m in Sources */,
			);
			runOnlyForDeploymentPostprocessing = 0;
		};
		3D8151551A845670006B856B /* Sources */ = {
			isa = PBXSourcesBuildPhase;
			buildActionMask = 2147483647;
			files = (
				3D8151601A845670006B856B /* BaiduMapDemoTests.m in Sources */,
			);
			runOnlyForDeploymentPostprocessing = 0;
		};
/* End PBXSourcesBuildPhase section */

/* Begin PBXTargetDependency section */
		3D81515B1A845670006B856B /* PBXTargetDependency */ = {
			isa = PBXTargetDependency;
			target = 3D81513F1A84566F006B856B /* BaiduMapDemo */;
			targetProxy = 3D81515A1A845670006B856B /* PBXContainerItemProxy */;
		};
/* End PBXTargetDependency section */

/* Begin PBXVariantGroup section */
		3D81514D1A84566F006B856B /* Main.storyboard */ = {
			isa = PBXVariantGroup;
			children = (
				3D81514E1A84566F006B856B /* Base */,
			);
			name = Main.storyboard;
			sourceTree = "<group>";
		};
		3D8151521A84566F006B856B /* LaunchScreen.xib */ = {
			isa = PBXVariantGroup;
			children = (
				3D8151531A84566F006B856B /* Base */,
			);
			name = LaunchScreen.xib;
			sourceTree = "<group>";
		};
/* End PBXVariantGroup section */

/* Begin XCBuildConfiguration section */
		3D8151611A845670006B856B /* Debug */ = {
			isa = XCBuildConfiguration;
			buildSettings = {
				ALWAYS_SEARCH_USER_PATHS = NO;
				CLANG_CXX_LANGUAGE_STANDARD = "gnu++0x";
				CLANG_CXX_LIBRARY = "libc++";
				CLANG_ENABLE_MODULES = YES;
				CLANG_ENABLE_OBJC_ARC = YES;
				CLANG_WARN_BOOL_CONVERSION = YES;
				CLANG_WARN_CONSTANT_CONVERSION = YES;
				CLANG_WARN_DIRECT_OBJC_ISA_USAGE = YES_ERROR;
				CLANG_WARN_EMPTY_BODY = YES;
				CLANG_WARN_ENUM_CONVERSION = YES;
				CLANG_WARN_INT_CONVERSION = YES;
				CLANG_WARN_OBJC_ROOT_CLASS = YES_ERROR;
				CLANG_WARN_UNREACHABLE_CODE = YES;
				CLANG_WARN__DUPLICATE_METHOD_MATCH = YES;
				"CODE_SIGN_IDENTITY[sdk=iphoneos*]" = "iPhone Developer";
				COPY_PHASE_STRIP = NO;
				ENABLE_STRICT_OBJC_MSGSEND = YES;
				ENABLE_TESTABILITY = YES;
				GCC_C_LANGUAGE_STANDARD = gnu99;
				GCC_DYNAMIC_NO_PIC = NO;
				GCC_OPTIMIZATION_LEVEL = 0;
				GCC_PREPROCESSOR_DEFINITIONS = (
					"DEBUG=1",
					"$(inherited)",
				);
				GCC_SYMBOLS_PRIVATE_EXTERN = NO;
				GCC_WARN_64_TO_32_BIT_CONVERSION = YES;
				GCC_WARN_ABOUT_RETURN_TYPE = YES_ERROR;
				GCC_WARN_UNDECLARED_SELECTOR = YES;
				GCC_WARN_UNINITIALIZED_AUTOS = YES_AGGRESSIVE;
				GCC_WARN_UNUSED_FUNCTION = YES;
				GCC_WARN_UNUSED_VARIABLE = YES;
				IPHONEOS_DEPLOYMENT_TARGET = 8.1;
				MTL_ENABLE_DEBUG_INFO = YES;
				ONLY_ACTIVE_ARCH = YES;
				SDKROOT = iphoneos;
			};
			name = Debug;
		};
		3D8151621A845670006B856B /* Release */ = {
			isa = XCBuildConfiguration;
			buildSettings = {
				ALWAYS_SEARCH_USER_PATHS = NO;
				CLANG_CXX_LANGUAGE_STANDARD = "gnu++0x";
				CLANG_CXX_LIBRARY = "libc++";
				CLANG_ENABLE_MODULES = YES;
				CLANG_ENABLE_OBJC_ARC = YES;
				CLANG_WARN_BOOL_CONVERSION = YES;
				CLANG_WARN_CONSTANT_CONVERSION = YES;
				CLANG_WARN_DIRECT_OBJC_ISA_USAGE = YES_ERROR;
				CLANG_WARN_EMPTY_BODY = YES;
				CLANG_WARN_ENUM_CONVERSION = YES;
				CLANG_WARN_INT_CONVERSION = YES;
				CLANG_WARN_OBJC_ROOT_CLASS = YES_ERROR;
				CLANG_WARN_UNREACHABLE_CODE = YES;
				CLANG_WARN__DUPLICATE_METHOD_MATCH = YES;
				"CODE_SIGN_IDENTITY[sdk=iphoneos*]" = "iPhone Developer";
				COPY_PHASE_STRIP = YES;
				ENABLE_NS_ASSERTIONS = NO;
				ENABLE_STRICT_OBJC_MSGSEND = YES;
				GCC_C_LANGUAGE_STANDARD = gnu99;
				GCC_WARN_64_TO_32_BIT_CONVERSION = YES;
				GCC_WARN_ABOUT_RETURN_TYPE = YES_ERROR;
				GCC_WARN_UNDECLARED_SELECTOR = YES;
				GCC_WARN_UNINITIALIZED_AUTOS = YES_AGGRESSIVE;
				GCC_WARN_UNUSED_FUNCTION = YES;
				GCC_WARN_UNUSED_VARIABLE = YES;
				IPHONEOS_DEPLOYMENT_TARGET = 8.1;
				MTL_ENABLE_DEBUG_INFO = NO;
				SDKROOT = iphoneos;
				VALIDATE_PRODUCT = YES;
			};
			name = Release;
		};
		3D8151641A845670006B856B /* Debug */ = {
			isa = XCBuildConfiguration;
			buildSettings = {
				ASSETCATALOG_COMPILER_APPICON_NAME = AppIcon;
				ENABLE_BITCODE = NO;
				FRAMEWORK_SEARCH_PATHS = (
					"$(inherited)",
					"$(PROJECT_DIR)/Resource/Lib",
				);
				GCC_PREFIX_HEADER = "BaiduMapDemo/BaiduMapDemo-Prefix.pch";
				INFOPLIST_FILE = BaiduMapDemo/Info.plist;
				IPHONEOS_DEPLOYMENT_TARGET = 6.0;
				LD_RUNPATH_SEARCH_PATHS = "$(inherited) @executable_path/Frameworks";
				LIBRARY_SEARCH_PATHS = (
					"$(inherited)",
					"$(PROJECT_DIR)/Resource/Lib/BaiduMapSDK",
				);
				ONLY_ACTIVE_ARCH = YES;
				OTHER_LDFLAGS = "-ObjC";
				PRODUCT_BUNDLE_IDENTIFIER = "com.example.$(PRODUCT_NAME:rfc1034identifier)";
				PRODUCT_NAME = "$(TARGET_NAME)";
			};
			name = Debug;
		};
		3D8151651A845670006B856B /* Release */ = {
			isa = XCBuildConfiguration;
			buildSettings = {
				ASSETCATALOG_COMPILER_APPICON_NAME = AppIcon;
				FRAMEWORK_SEARCH_PATHS = (
					"$(inherited)",
					"$(PROJECT_DIR)/Resource/Lib",
				);
				GCC_PREFIX_HEADER = "BaiduMapDemo/BaiduMapDemo-Prefix.pch";
				INFOPLIST_FILE = BaiduMapDemo/Info.plist;
				IPHONEOS_DEPLOYMENT_TARGET = 6.0;
				LD_RUNPATH_SEARCH_PATHS = "$(inherited) @executable_path/Frameworks";
				LIBRARY_SEARCH_PATHS = (
					"$(inherited)",
					"$(PROJECT_DIR)/Resource/Lib/BaiduMapSDK",
				);
				ONLY_ACTIVE_ARCH = YES;
				OTHER_LDFLAGS = "-ObjC";
				PRODUCT_BUNDLE_IDENTIFIER = "com.example.$(PRODUCT_NAME:rfc1034identifier)";
				PRODUCT_NAME = "$(TARGET_NAME)";
			};
			name = Release;
		};
		3D8151671A845670006B856B /* Debug */ = {
			isa = XCBuildConfiguration;
			buildSettings = {
				BUNDLE_LOADER = "$(TEST_HOST)";
				FRAMEWORK_SEARCH_PATHS = (
					"$(SDKROOT)/Developer/Library/Frameworks",
					"$(inherited)",
				);
				GCC_PREPROCESSOR_DEFINITIONS = (
					"DEBUG=1",
					"$(inherited)",
				);
				INFOPLIST_FILE = BaiduMapDemoTests/Info.plist;
				LD_RUNPATH_SEARCH_PATHS = "$(inherited) @executable_path/Frameworks @loader_path/Frameworks";
				PRODUCT_BUNDLE_IDENTIFIER = "com.example.$(PRODUCT_NAME:rfc1034identifier)";
				PRODUCT_NAME = "$(TARGET_NAME)";
				TEST_HOST = "$(BUILT_PRODUCTS_DIR)/BaiduMapDemo.app/BaiduMapDemo";
			};
			name = Debug;
		};
		3D8151681A845670006B856B /* Release */ = {
			isa = XCBuildConfiguration;
			buildSettings = {
				BUNDLE_LOADER = "$(TEST_HOST)";
				FRAMEWORK_SEARCH_PATHS = (
					"$(SDKROOT)/Developer/Library/Frameworks",
					"$(inherited)",
				);
				INFOPLIST_FILE = BaiduMapDemoTests/Info.plist;
				LD_RUNPATH_SEARCH_PATHS = "$(inherited) @executable_path/Frameworks @loader_path/Frameworks";
				PRODUCT_BUNDLE_IDENTIFIER = "com.example.$(PRODUCT_NAME:rfc1034identifier)";
				PRODUCT_NAME = "$(TARGET_NAME)";
				TEST_HOST = "$(BUILT_PRODUCTS_DIR)/BaiduMapDemo.app/BaiduMapDemo";
			};
			name = Release;
		};
/* End XCBuildConfiguration section */

/* Begin XCConfigurationList section */
		3D81513B1A84566F006B856B /* Build configuration list for PBXProject "BaiduMapDemo" */ = {
			isa = XCConfigurationList;
			buildConfigurations = (
				3D8151611A845670006B856B /* Debug */,
				3D8151621A845670006B856B /* Release */,
			);
			defaultConfigurationIsVisible = 0;
			defaultConfigurationName = Release;
		};
		3D8151631A845670006B856B /* Build configuration list for PBXNativeTarget "BaiduMapDemo" */ = {
			isa = XCConfigurationList;
			buildConfigurations = (
				3D8151641A845670006B856B /* Debug */,
				3D8151651A845670006B856B /* Release */,
			);
			defaultConfigurationIsVisible = 0;
			defaultConfigurationName = Release;
		};
		3D8151661A845670006B856B /* Build configuration list for PBXNativeTarget "BaiduMapDemoTests" */ = {
			isa = XCConfigurationList;
			buildConfigurations = (
				3D8151671A845670006B856B /* Debug */,
				3D8151681A845670006B856B /* Release */,
			);
			defaultConfigurationIsVisible = 0;
			defaultConfigurationName = Release;
		};
/* End XCConfigurationList section */
	};
	rootObject = 3D8151381A84566F006B856B /* Project object */;
}
